// !$*UTF8*$!
{
	archiveVersion = 1;
	classes = {
	};
	objectVersion = 56;
	objects = {

/* Begin PBXBuildFile section */
		EC1D87312CACC676002363A4 /* README.md in Resources */ = {isa = PBXBuildFile; fileRef = EC1D87302CACC670002363A4 /* README.md */; };
		EC1D87332CACC874002363A4 /* AddBusinessViewController.swift in Sources */ = {isa = PBXBuildFile; fileRef = EC1D87322CACC874002363A4 /* AddBusinessViewController.swift */; };
		EC1D87352CACCB2A002363A4 /* SheetInfoView.swift in Sources */ = {isa = PBXBuildFile; fileRef = EC1D87342CACCB2A002363A4 /* SheetInfoView.swift */; };
		EC2560412C92677800F076F5 /* UIButton+Extension.swift in Sources */ = {isa = PBXBuildFile; fileRef = EC2560402C92677800F076F5 /* UIButton+Extension.swift */; };
		EC3AB3612C8A75A100DEDC44 /* ColorsExtension.swift in Sources */ = {isa = PBXBuildFile; fileRef = EC3AB3602C8A75A100DEDC44 /* ColorsExtension.swift */; };
		EC3AB3632C8A7D1700DEDC44 /* InputWithDescriptionView.swift in Sources */ = {isa = PBXBuildFile; fileRef = EC3AB3622C8A7D1700DEDC44 /* InputWithDescriptionView.swift */; };
		EC5063BE2CA23A31009852FA /* OtpTextFieldView.swift in Sources */ = {isa = PBXBuildFile; fileRef = EC5063BD2CA23A31009852FA /* OtpTextFieldView.swift */; };
		EC598E512CAC8ED000BDF9B0 /* NewPasswordViewController.swift in Sources */ = {isa = PBXBuildFile; fileRef = EC598E502CAC8ED000BDF9B0 /* NewPasswordViewController.swift */; };
		EC65642C2C9B926C00953563 /* FilterViewController.swift in Sources */ = {isa = PBXBuildFile; fileRef = EC65642B2C9B926C00953563 /* FilterViewController.swift */; };
		EC6BA7B42CC1C8B600D45065 /* SuggestionViewController.swift in Sources */ = {isa = PBXBuildFile; fileRef = EC6BA7B32CC1C8B600D45065 /* SuggestionViewController.swift */; };
		EC7E16F02CBDDCDE00BFFE15 /* CustomOptionButtonCell.swift in Sources */ = {isa = PBXBuildFile; fileRef = EC7E16EF2CBDDCDE00BFFE15 /* CustomOptionButtonCell.swift */; };
		EC821F6D2C8A6ACA00F35B96 /* SetupViewExtension.swift in Sources */ = {isa = PBXBuildFile; fileRef = EC821F6C2C8A6ACA00F35B96 /* SetupViewExtension.swift */; };
		EC85914B2CA4D7E000621C33 /* ConfirmEmailViewController.swift in Sources */ = {isa = PBXBuildFile; fileRef = EC85914A2CA4D7E000621C33 /* ConfirmEmailViewController.swift */; };
		EC95A7CF2CA0C13B00661DEA /* OtpViewController.swift in Sources */ = {isa = PBXBuildFile; fileRef = EC95A7CE2CA0C13B00661DEA /* OtpViewController.swift */; };
		EC9E14F02C87D22C007A9F88 /* AppDelegate.swift in Sources */ = {isa = PBXBuildFile; fileRef = EC9E14EF2C87D22C007A9F88 /* AppDelegate.swift */; };
		EC9E14F22C87D22C007A9F88 /* SceneDelegate.swift in Sources */ = {isa = PBXBuildFile; fileRef = EC9E14F12C87D22C007A9F88 /* SceneDelegate.swift */; };
		EC9E14F42C87D22C007A9F88 /* LoginViewController.swift in Sources */ = {isa = PBXBuildFile; fileRef = EC9E14F32C87D22C007A9F88 /* LoginViewController.swift */; };
		EC9E14F92C87D22D007A9F88 /* Assets.xcassets in Resources */ = {isa = PBXBuildFile; fileRef = EC9E14F82C87D22D007A9F88 /* Assets.xcassets */; };
		EC9E14FC2C87D22D007A9F88 /* Base in Resources */ = {isa = PBXBuildFile; fileRef = EC9E14FB2C87D22D007A9F88 /* Base */; };
		ECA92BE22CBD5C8400C417E1 /* UserViewController.swift in Sources */ = {isa = PBXBuildFile; fileRef = ECA92BE12CBD5C8400C417E1 /* UserViewController.swift */; };
		ECABB0522C8FB0740030042E /* InputPasswordView.swift in Sources */ = {isa = PBXBuildFile; fileRef = ECABB0512C8FB0740030042E /* InputPasswordView.swift */; };
		ECABB0542C8FC6C20030042E /* RegisterViewController.swift in Sources */ = {isa = PBXBuildFile; fileRef = ECABB0532C8FC6C20030042E /* RegisterViewController.swift */; };
		ECABB0562C8FC97D0030042E /* MainMenuViewController.swift in Sources */ = {isa = PBXBuildFile; fileRef = ECABB0552C8FC97D0030042E /* MainMenuViewController.swift */; };
		ECABB05B2C8FCDCA0030042E /* .swiftlint.yml in Resources */ = {isa = PBXBuildFile; fileRef = ECABB05A2C8FCDCA0030042E /* .swiftlint.yml */; };
		ECB6338E2CB56D6200CD585B /* FilterButtonCell.swift in Sources */ = {isa = PBXBuildFile; fileRef = ECB6338D2CB56D6200CD585B /* FilterButtonCell.swift */; };
		ECBA89252C9F9F920016AAB4 /* ImageWithInfoView.swift in Sources */ = {isa = PBXBuildFile; fileRef = ECBA89242C9F9F920016AAB4 /* ImageWithInfoView.swift */; };
		ECBA89282C9FAE240016AAB4 /* Constants.swift in Sources */ = {isa = PBXBuildFile; fileRef = ECBA89272C9FAE210016AAB4 /* Constants.swift */; };
		ECBD55562CB2165A0020BCF8 /* InputWithLeftIconView.swift in Sources */ = {isa = PBXBuildFile; fileRef = ECBD55552CB2165A0020BCF8 /* InputWithLeftIconView.swift */; };
		ECDD0F2D2CB228980047AF1D /* DefaultButton.swift in Sources */ = {isa = PBXBuildFile; fileRef = ECDD0F2C2CB228980047AF1D /* DefaultButton.swift */; };
		ECE919242C8E31C00094B898 /* UITextField+Extension.swift in Sources */ = {isa = PBXBuildFile; fileRef = ECE919232C8E31C00094B898 /* UITextField+Extension.swift */; };
		ECE919272C8E4C6D0094B898 /* CurrentViewDescriptionView.swift in Sources */ = {isa = PBXBuildFile; fileRef = ECE919262C8E4C6D0094B898 /* CurrentViewDescriptionView.swift */; };
		ECE919292C8E66150094B898 /* RecoveryViewController.swift in Sources */ = {isa = PBXBuildFile; fileRef = ECE919282C8E66150094B898 /* RecoveryViewController.swift */; };
		ECECD82B2CC31D500038B171 /* UserDataViewController.swift in Sources */ = {isa = PBXBuildFile; fileRef = ECECD82A2CC31D500038B171 /* UserDataViewController.swift */; };
/* End PBXBuildFile section */

/* Begin PBXFileReference section */
		EC1D87302CACC670002363A4 /* README.md */ = {isa = PBXFileReference; lastKnownFileType = net.daringfireball.markdown; path = README.md; sourceTree = "<group>"; };
		EC1D87322CACC874002363A4 /* AddBusinessViewController.swift */ = {isa = PBXFileReference; lastKnownFileType = sourcecode.swift; path = AddBusinessViewController.swift; sourceTree = "<group>"; };
		EC1D87342CACCB2A002363A4 /* SheetInfoView.swift */ = {isa = PBXFileReference; lastKnownFileType = sourcecode.swift; path = SheetInfoView.swift; sourceTree = "<group>"; };
		EC2560402C92677800F076F5 /* UIButton+Extension.swift */ = {isa = PBXFileReference; lastKnownFileType = sourcecode.swift; path = "UIButton+Extension.swift"; sourceTree = "<group>"; };
		EC3AB3602C8A75A100DEDC44 /* ColorsExtension.swift */ = {isa = PBXFileReference; lastKnownFileType = sourcecode.swift; path = ColorsExtension.swift; sourceTree = "<group>"; };
		EC3AB3622C8A7D1700DEDC44 /* InputWithDescriptionView.swift */ = {isa = PBXFileReference; lastKnownFileType = sourcecode.swift; path = InputWithDescriptionView.swift; sourceTree = "<group>"; };
		EC5063BD2CA23A31009852FA /* OtpTextFieldView.swift */ = {isa = PBXFileReference; lastKnownFileType = sourcecode.swift; path = OtpTextFieldView.swift; sourceTree = "<group>"; };
		EC598E502CAC8ED000BDF9B0 /* NewPasswordViewController.swift */ = {isa = PBXFileReference; lastKnownFileType = sourcecode.swift; path = NewPasswordViewController.swift; sourceTree = "<group>"; };
		EC65642B2C9B926C00953563 /* FilterViewController.swift */ = {isa = PBXFileReference; lastKnownFileType = sourcecode.swift; path = FilterViewController.swift; sourceTree = "<group>"; };
		EC6BA7B32CC1C8B600D45065 /* SuggestionViewController.swift */ = {isa = PBXFileReference; lastKnownFileType = sourcecode.swift; path = SuggestionViewController.swift; sourceTree = "<group>"; };
		EC7E16EF2CBDDCDE00BFFE15 /* CustomOptionButtonCell.swift */ = {isa = PBXFileReference; lastKnownFileType = sourcecode.swift; path = CustomOptionButtonCell.swift; sourceTree = "<group>"; };
		EC821F6C2C8A6ACA00F35B96 /* SetupViewExtension.swift */ = {isa = PBXFileReference; lastKnownFileType = sourcecode.swift; path = SetupViewExtension.swift; sourceTree = "<group>"; };
		EC85914A2CA4D7E000621C33 /* ConfirmEmailViewController.swift */ = {isa = PBXFileReference; lastKnownFileType = sourcecode.swift; path = ConfirmEmailViewController.swift; sourceTree = "<group>"; };
		EC95A7CE2CA0C13B00661DEA /* OtpViewController.swift */ = {isa = PBXFileReference; lastKnownFileType = sourcecode.swift; path = OtpViewController.swift; sourceTree = "<group>"; };
		EC9E14EC2C87D22C007A9F88 /* NaEsquina.app */ = {isa = PBXFileReference; explicitFileType = wrapper.application; includeInIndex = 0; path = NaEsquina.app; sourceTree = BUILT_PRODUCTS_DIR; };
		EC9E14EF2C87D22C007A9F88 /* AppDelegate.swift */ = {isa = PBXFileReference; lastKnownFileType = sourcecode.swift; path = AppDelegate.swift; sourceTree = "<group>"; };
		EC9E14F12C87D22C007A9F88 /* SceneDelegate.swift */ = {isa = PBXFileReference; lastKnownFileType = sourcecode.swift; path = SceneDelegate.swift; sourceTree = "<group>"; };
		EC9E14F32C87D22C007A9F88 /* LoginViewController.swift */ = {isa = PBXFileReference; lastKnownFileType = sourcecode.swift; path = LoginViewController.swift; sourceTree = "<group>"; };
		EC9E14F82C87D22D007A9F88 /* Assets.xcassets */ = {isa = PBXFileReference; lastKnownFileType = folder.assetcatalog; path = Assets.xcassets; sourceTree = "<group>"; };
		EC9E14FB2C87D22D007A9F88 /* Base */ = {isa = PBXFileReference; lastKnownFileType = file.storyboard; name = Base; path = Base.lproj/LaunchScreen.storyboard; sourceTree = "<group>"; };
		EC9E14FD2C87D22D007A9F88 /* Info.plist */ = {isa = PBXFileReference; lastKnownFileType = text.plist.xml; path = Info.plist; sourceTree = "<group>"; };
		ECA92BE12CBD5C8400C417E1 /* UserViewController.swift */ = {isa = PBXFileReference; lastKnownFileType = sourcecode.swift; path = UserViewController.swift; sourceTree = "<group>"; };
		ECABB0512C8FB0740030042E /* InputPasswordView.swift */ = {isa = PBXFileReference; lastKnownFileType = sourcecode.swift; path = InputPasswordView.swift; sourceTree = "<group>"; };
		ECABB0532C8FC6C20030042E /* RegisterViewController.swift */ = {isa = PBXFileReference; lastKnownFileType = sourcecode.swift; path = RegisterViewController.swift; sourceTree = "<group>"; };
		ECABB0552C8FC97D0030042E /* MainMenuViewController.swift */ = {isa = PBXFileReference; lastKnownFileType = sourcecode.swift; path = MainMenuViewController.swift; sourceTree = "<group>"; };
		ECABB05A2C8FCDCA0030042E /* .swiftlint.yml */ = {isa = PBXFileReference; lastKnownFileType = text.yaml; path = .swiftlint.yml; sourceTree = "<group>"; };
		ECB6338D2CB56D6200CD585B /* FilterButtonCell.swift */ = {isa = PBXFileReference; lastKnownFileType = sourcecode.swift; path = FilterButtonCell.swift; sourceTree = "<group>"; };
		ECBA89242C9F9F920016AAB4 /* ImageWithInfoView.swift */ = {isa = PBXFileReference; lastKnownFileType = sourcecode.swift; path = ImageWithInfoView.swift; sourceTree = "<group>"; };
		ECBA89272C9FAE210016AAB4 /* Constants.swift */ = {isa = PBXFileReference; lastKnownFileType = sourcecode.swift; path = Constants.swift; sourceTree = "<group>"; };
		ECBD55552CB2165A0020BCF8 /* InputWithLeftIconView.swift */ = {isa = PBXFileReference; lastKnownFileType = sourcecode.swift; path = InputWithLeftIconView.swift; sourceTree = "<group>"; };
		ECDD0F2C2CB228980047AF1D /* DefaultButton.swift */ = {isa = PBXFileReference; lastKnownFileType = sourcecode.swift; path = DefaultButton.swift; sourceTree = "<group>"; };
		ECE919232C8E31C00094B898 /* UITextField+Extension.swift */ = {isa = PBXFileReference; lastKnownFileType = sourcecode.swift; path = "UITextField+Extension.swift"; sourceTree = "<group>"; };
		ECE919262C8E4C6D0094B898 /* CurrentViewDescriptionView.swift */ = {isa = PBXFileReference; lastKnownFileType = sourcecode.swift; path = CurrentViewDescriptionView.swift; sourceTree = "<group>"; };
		ECE919282C8E66150094B898 /* RecoveryViewController.swift */ = {isa = PBXFileReference; lastKnownFileType = sourcecode.swift; path = RecoveryViewController.swift; sourceTree = "<group>"; };
		ECECD82A2CC31D500038B171 /* UserDataViewController.swift */ = {isa = PBXFileReference; lastKnownFileType = sourcecode.swift; path = UserDataViewController.swift; sourceTree = "<group>"; };
/* End PBXFileReference section */

/* Begin PBXFrameworksBuildPhase section */
		EC9E14E92C87D22C007A9F88 /* Frameworks */ = {
			isa = PBXFrameworksBuildPhase;
			buildActionMask = 2147483647;
			files = (
			);
			runOnlyForDeploymentPostprocessing = 0;
		};
/* End PBXFrameworksBuildPhase section */

/* Begin PBXGroup section */
		EC821F662C8A69E900F35B96 /* Models */ = {
			isa = PBXGroup;
			children = (
			);
			path = Models;
			sourceTree = "<group>";
		};
		EC821F672C8A69FD00F35B96 /* Views */ = {
			isa = PBXGroup;
			children = (
				EC3AB3622C8A7D1700DEDC44 /* InputWithDescriptionView.swift */,
				EC5063BD2CA23A31009852FA /* OtpTextFieldView.swift */,
				ECE919262C8E4C6D0094B898 /* CurrentViewDescriptionView.swift */,
				ECABB0512C8FB0740030042E /* InputPasswordView.swift */,
				ECBA89242C9F9F920016AAB4 /* ImageWithInfoView.swift */,
				EC1D87342CACCB2A002363A4 /* SheetInfoView.swift */,
				ECBD55552CB2165A0020BCF8 /* InputWithLeftIconView.swift */,
				ECDD0F2C2CB228980047AF1D /* DefaultButton.swift */,
				ECB6338D2CB56D6200CD585B /* FilterButtonCell.swift */,
				EC7E16EF2CBDDCDE00BFFE15 /* CustomOptionButtonCell.swift */,
			);
			path = Views;
			sourceTree = "<group>";
		};
		EC821F682C8A6A0700F35B96 /* Controllers */ = {
			isa = PBXGroup;
			children = (
				EC9E14F32C87D22C007A9F88 /* LoginViewController.swift */,
				ECABB0552C8FC97D0030042E /* MainMenuViewController.swift */,
				ECE919282C8E66150094B898 /* RecoveryViewController.swift */,
				ECABB0532C8FC6C20030042E /* RegisterViewController.swift */,
				EC65642B2C9B926C00953563 /* FilterViewController.swift */,
				EC1D87322CACC874002363A4 /* AddBusinessViewController.swift */,
				EC95A7CE2CA0C13B00661DEA /* OtpViewController.swift */,
				EC85914A2CA4D7E000621C33 /* ConfirmEmailViewController.swift */,
				EC598E502CAC8ED000BDF9B0 /* NewPasswordViewController.swift */,
				ECA92BE12CBD5C8400C417E1 /* UserViewController.swift */,
				EC6BA7B32CC1C8B600D45065 /* SuggestionViewController.swift */,
				ECECD82A2CC31D500038B171 /* UserDataViewController.swift */,
			);
			path = Controllers;
			sourceTree = "<group>";
		};
		EC821F692C8A6A1600F35B96 /* Services */ = {
			isa = PBXGroup;
			children = (
			);
			path = Services;
			sourceTree = "<group>";
		};
		EC821F6A2C8A6A1E00F35B96 /* Helpers */ = {
			isa = PBXGroup;
			children = (
				EC821F6C2C8A6ACA00F35B96 /* SetupViewExtension.swift */,
				EC3AB3602C8A75A100DEDC44 /* ColorsExtension.swift */,
				ECE919232C8E31C00094B898 /* UITextField+Extension.swift */,
				EC2560402C92677800F076F5 /* UIButton+Extension.swift */,
			);
			path = Helpers;
			sourceTree = "<group>";
		};
		EC821F6B2C8A6A2900F35B96 /* Resources */ = {
			isa = PBXGroup;
			children = (
				EC9E14F82C87D22D007A9F88 /* Assets.xcassets */,
			);
			path = Resources;
			sourceTree = "<group>";
		};
		EC9E14E32C87D22C007A9F88 = {
			isa = PBXGroup;
			children = (
				EC9E14EE2C87D22C007A9F88 /* NaEsquina */,
				EC9E14ED2C87D22C007A9F88 /* Products */,
			);
			sourceTree = "<group>";
		};
		EC9E14ED2C87D22C007A9F88 /* Products */ = {
			isa = PBXGroup;
			children = (
				EC9E14EC2C87D22C007A9F88 /* NaEsquina.app */,
			);
			name = Products;
			sourceTree = "<group>";
		};
		EC9E14EE2C87D22C007A9F88 /* NaEsquina */ = {
			isa = PBXGroup;
			children = (
				EC1D87302CACC670002363A4 /* README.md */,
				EC821F662C8A69E900F35B96 /* Models */,
				EC821F672C8A69FD00F35B96 /* Views */,
				EC821F682C8A6A0700F35B96 /* Controllers */,
				EC821F692C8A6A1600F35B96 /* Services */,
				EC821F6A2C8A6A1E00F35B96 /* Helpers */,
				ECBA89262C9FAE160016AAB4 /* Constants */,
				EC821F6B2C8A6A2900F35B96 /* Resources */,
				EC9E14EF2C87D22C007A9F88 /* AppDelegate.swift */,
				EC9E14F12C87D22C007A9F88 /* SceneDelegate.swift */,
				EC9E14FA2C87D22D007A9F88 /* LaunchScreen.storyboard */,
				EC9E14FD2C87D22D007A9F88 /* Info.plist */,
				ECABB05A2C8FCDCA0030042E /* .swiftlint.yml */,
			);
			path = NaEsquina;
			sourceTree = "<group>";
		};
		ECBA89262C9FAE160016AAB4 /* Constants */ = {
			isa = PBXGroup;
			children = (
				ECBA89272C9FAE210016AAB4 /* Constants.swift */,
			);
			path = Constants;
			sourceTree = "<group>";
		};
/* End PBXGroup section */

/* Begin PBXNativeTarget section */
		EC9E14EB2C87D22C007A9F88 /* NaEsquina */ = {
			isa = PBXNativeTarget;
			buildConfigurationList = EC9E15002C87D22D007A9F88 /* Build configuration list for PBXNativeTarget "NaEsquina" */;
			buildPhases = (
				EC9E14E82C87D22C007A9F88 /* Sources */,
				EC9E14E92C87D22C007A9F88 /* Frameworks */,
				EC9E14EA2C87D22C007A9F88 /* Resources */,
			);
			buildRules = (
			);
			dependencies = (
			);
			name = NaEsquina;
			productName = NaEsquina;
			productReference = EC9E14EC2C87D22C007A9F88 /* NaEsquina.app */;
			productType = "com.apple.product-type.application";
		};
/* End PBXNativeTarget section */

/* Begin PBXProject section */
		EC9E14E42C87D22C007A9F88 /* Project object */ = {
			isa = PBXProject;
			attributes = {
				BuildIndependentTargetsInParallel = 1;
				LastSwiftUpdateCheck = 1540;
				LastUpgradeCheck = 1540;
				TargetAttributes = {
					EC9E14EB2C87D22C007A9F88 = {
						CreatedOnToolsVersion = 15.4;
					};
				};
			};
			buildConfigurationList = EC9E14E72C87D22C007A9F88 /* Build configuration list for PBXProject "NaEsquina" */;
			compatibilityVersion = "Xcode 14.0";
			developmentRegion = en;
			hasScannedForEncodings = 0;
			knownRegions = (
				en,
				Base,
			);
			mainGroup = EC9E14E32C87D22C007A9F88;
			packageReferences = (
				ECABB0572C8FCD400030042E /* XCRemoteSwiftPackageReference "SwiftLintPlugins" */,
			);
			productRefGroup = EC9E14ED2C87D22C007A9F88 /* Products */;
			projectDirPath = "";
			projectRoot = "";
			targets = (
				EC9E14EB2C87D22C007A9F88 /* NaEsquina */,
			);
		};
/* End PBXProject section */

/* Begin PBXResourcesBuildPhase section */
		EC9E14EA2C87D22C007A9F88 /* Resources */ = {
			isa = PBXResourcesBuildPhase;
			buildActionMask = 2147483647;
			files = (
				ECABB05B2C8FCDCA0030042E /* .swiftlint.yml in Resources */,
				EC9E14F92C87D22D007A9F88 /* Assets.xcassets in Resources */,
				EC1D87312CACC676002363A4 /* README.md in Resources */,
				EC9E14FC2C87D22D007A9F88 /* Base in Resources */,
			);
			runOnlyForDeploymentPostprocessing = 0;
		};
/* End PBXResourcesBuildPhase section */

/* Begin PBXSourcesBuildPhase section */
		EC9E14E82C87D22C007A9F88 /* Sources */ = {
			isa = PBXSourcesBuildPhase;
			buildActionMask = 2147483647;
			files = (
				EC6BA7B42CC1C8B600D45065 /* SuggestionViewController.swift in Sources */,
				EC5063BE2CA23A31009852FA /* OtpTextFieldView.swift in Sources */,
				EC65642C2C9B926C00953563 /* FilterViewController.swift in Sources */,
				EC1D87352CACCB2A002363A4 /* SheetInfoView.swift in Sources */,
				ECABB0522C8FB0740030042E /* InputPasswordView.swift in Sources */,
				EC9E14F42C87D22C007A9F88 /* LoginViewController.swift in Sources */,
				EC2560412C92677800F076F5 /* UIButton+Extension.swift in Sources */,
				EC85914B2CA4D7E000621C33 /* ConfirmEmailViewController.swift in Sources */,
				ECDD0F2D2CB228980047AF1D /* DefaultButton.swift in Sources */,
				EC821F6D2C8A6ACA00F35B96 /* SetupViewExtension.swift in Sources */,
				ECBD55562CB2165A0020BCF8 /* InputWithLeftIconView.swift in Sources */,
				ECE919242C8E31C00094B898 /* UITextField+Extension.swift in Sources */,
				ECABB0562C8FC97D0030042E /* MainMenuViewController.swift in Sources */,
				ECECD82B2CC31D500038B171 /* UserDataViewController.swift in Sources */,
				ECBA89282C9FAE240016AAB4 /* Constants.swift in Sources */,
				EC1D87332CACC874002363A4 /* AddBusinessViewController.swift in Sources */,
				ECE919272C8E4C6D0094B898 /* CurrentViewDescriptionView.swift in Sources */,
				ECA92BE22CBD5C8400C417E1 /* UserViewController.swift in Sources */,
				EC95A7CF2CA0C13B00661DEA /* OtpViewController.swift in Sources */,
				ECBA89252C9F9F920016AAB4 /* ImageWithInfoView.swift in Sources */,
				EC7E16F02CBDDCDE00BFFE15 /* CustomOptionButtonCell.swift in Sources */,
				ECB6338E2CB56D6200CD585B /* FilterButtonCell.swift in Sources */,
				ECE919292C8E66150094B898 /* RecoveryViewController.swift in Sources */,
				ECABB0542C8FC6C20030042E /* RegisterViewController.swift in Sources */,
				EC9E14F02C87D22C007A9F88 /* AppDelegate.swift in Sources */,
				EC9E14F22C87D22C007A9F88 /* SceneDelegate.swift in Sources */,
				EC3AB3632C8A7D1700DEDC44 /* InputWithDescriptionView.swift in Sources */,
				EC598E512CAC8ED000BDF9B0 /* NewPasswordViewController.swift in Sources */,
				EC3AB3612C8A75A100DEDC44 /* ColorsExtension.swift in Sources */,
			);
			runOnlyForDeploymentPostprocessing = 0;
		};
/* End PBXSourcesBuildPhase section */

/* Begin PBXVariantGroup section */
		EC9E14FA2C87D22D007A9F88 /* LaunchScreen.storyboard */ = {
			isa = PBXVariantGroup;
			children = (
				EC9E14FB2C87D22D007A9F88 /* Base */,
			);
			name = LaunchScreen.storyboard;
			sourceTree = "<group>";
		};
/* End PBXVariantGroup section */

/* Begin XCBuildConfiguration section */
		EC9E14FE2C87D22D007A9F88 /* Debug */ = {
			isa = XCBuildConfiguration;
			buildSettings = {
				ALWAYS_SEARCH_USER_PATHS = NO;
				ASSETCATALOG_COMPILER_GENERATE_SWIFT_ASSET_SYMBOL_EXTENSIONS = YES;
				CLANG_ANALYZER_NONNULL = YES;
				CLANG_ANALYZER_NUMBER_OBJECT_CONVERSION = YES_AGGRESSIVE;
				CLANG_CXX_LANGUAGE_STANDARD = "gnu++20";
				CLANG_ENABLE_MODULES = YES;
				CLANG_ENABLE_OBJC_ARC = YES;
				CLANG_ENABLE_OBJC_WEAK = YES;
				CLANG_WARN_BLOCK_CAPTURE_AUTORELEASING = YES;
				CLANG_WARN_BOOL_CONVERSION = YES;
				CLANG_WARN_COMMA = YES;
				CLANG_WARN_CONSTANT_CONVERSION = YES;
				CLANG_WARN_DEPRECATED_OBJC_IMPLEMENTATIONS = YES;
				CLANG_WARN_DIRECT_OBJC_ISA_USAGE = YES_ERROR;
				CLANG_WARN_DOCUMENTATION_COMMENTS = YES;
				CLANG_WARN_EMPTY_BODY = YES;
				CLANG_WARN_ENUM_CONVERSION = YES;
				CLANG_WARN_INFINITE_RECURSION = YES;
				CLANG_WARN_INT_CONVERSION = YES;
				CLANG_WARN_NON_LITERAL_NULL_CONVERSION = YES;
				CLANG_WARN_OBJC_IMPLICIT_RETAIN_SELF = YES;
				CLANG_WARN_OBJC_LITERAL_CONVERSION = YES;
				CLANG_WARN_OBJC_ROOT_CLASS = YES_ERROR;
				CLANG_WARN_QUOTED_INCLUDE_IN_FRAMEWORK_HEADER = YES;
				CLANG_WARN_RANGE_LOOP_ANALYSIS = YES;
				CLANG_WARN_STRICT_PROTOTYPES = YES;
				CLANG_WARN_SUSPICIOUS_MOVE = YES;
				CLANG_WARN_UNGUARDED_AVAILABILITY = YES_AGGRESSIVE;
				CLANG_WARN_UNREACHABLE_CODE = YES;
				CLANG_WARN__DUPLICATE_METHOD_MATCH = YES;
				COPY_PHASE_STRIP = NO;
				DEBUG_INFORMATION_FORMAT = dwarf;
				ENABLE_STRICT_OBJC_MSGSEND = YES;
				ENABLE_TESTABILITY = YES;
				ENABLE_USER_SCRIPT_SANDBOXING = YES;
				GCC_C_LANGUAGE_STANDARD = gnu17;
				GCC_DYNAMIC_NO_PIC = NO;
				GCC_NO_COMMON_BLOCKS = YES;
				GCC_OPTIMIZATION_LEVEL = 0;
				GCC_PREPROCESSOR_DEFINITIONS = (
					"DEBUG=1",
					"$(inherited)",
				);
				GCC_WARN_64_TO_32_BIT_CONVERSION = YES;
				GCC_WARN_ABOUT_RETURN_TYPE = YES_ERROR;
				GCC_WARN_UNDECLARED_SELECTOR = YES;
				GCC_WARN_UNINITIALIZED_AUTOS = YES_AGGRESSIVE;
				GCC_WARN_UNUSED_FUNCTION = YES;
				GCC_WARN_UNUSED_VARIABLE = YES;
				IPHONEOS_DEPLOYMENT_TARGET = 17.5;
				LOCALIZATION_PREFERS_STRING_CATALOGS = YES;
				MTL_ENABLE_DEBUG_INFO = INCLUDE_SOURCE;
				MTL_FAST_MATH = YES;
				ONLY_ACTIVE_ARCH = YES;
				SDKROOT = iphoneos;
				SWIFT_ACTIVE_COMPILATION_CONDITIONS = "DEBUG $(inherited)";
				SWIFT_OPTIMIZATION_LEVEL = "-Onone";
			};
			name = Debug;
		};
		EC9E14FF2C87D22D007A9F88 /* Release */ = {
			isa = XCBuildConfiguration;
			buildSettings = {
				ALWAYS_SEARCH_USER_PATHS = NO;
				ASSETCATALOG_COMPILER_GENERATE_SWIFT_ASSET_SYMBOL_EXTENSIONS = YES;
				CLANG_ANALYZER_NONNULL = YES;
				CLANG_ANALYZER_NUMBER_OBJECT_CONVERSION = YES_AGGRESSIVE;
				CLANG_CXX_LANGUAGE_STANDARD = "gnu++20";
				CLANG_ENABLE_MODULES = YES;
				CLANG_ENABLE_OBJC_ARC = YES;
				CLANG_ENABLE_OBJC_WEAK = YES;
				CLANG_WARN_BLOCK_CAPTURE_AUTORELEASING = YES;
				CLANG_WARN_BOOL_CONVERSION = YES;
				CLANG_WARN_COMMA = YES;
				CLANG_WARN_CONSTANT_CONVERSION = YES;
				CLANG_WARN_DEPRECATED_OBJC_IMPLEMENTATIONS = YES;
				CLANG_WARN_DIRECT_OBJC_ISA_USAGE = YES_ERROR;
				CLANG_WARN_DOCUMENTATION_COMMENTS = YES;
				CLANG_WARN_EMPTY_BODY = YES;
				CLANG_WARN_ENUM_CONVERSION = YES;
				CLANG_WARN_INFINITE_RECURSION = YES;
				CLANG_WARN_INT_CONVERSION = YES;
				CLANG_WARN_NON_LITERAL_NULL_CONVERSION = YES;
				CLANG_WARN_OBJC_IMPLICIT_RETAIN_SELF = YES;
				CLANG_WARN_OBJC_LITERAL_CONVERSION = YES;
				CLANG_WARN_OBJC_ROOT_CLASS = YES_ERROR;
				CLANG_WARN_QUOTED_INCLUDE_IN_FRAMEWORK_HEADER = YES;
				CLANG_WARN_RANGE_LOOP_ANALYSIS = YES;
				CLANG_WARN_STRICT_PROTOTYPES = YES;
				CLANG_WARN_SUSPICIOUS_MOVE = YES;
				CLANG_WARN_UNGUARDED_AVAILABILITY = YES_AGGRESSIVE;
				CLANG_WARN_UNREACHABLE_CODE = YES;
				CLANG_WARN__DUPLICATE_METHOD_MATCH = YES;
				COPY_PHASE_STRIP = NO;
				DEBUG_INFORMATION_FORMAT = "dwarf-with-dsym";
				ENABLE_NS_ASSERTIONS = NO;
				ENABLE_STRICT_OBJC_MSGSEND = YES;
				ENABLE_USER_SCRIPT_SANDBOXING = YES;
				GCC_C_LANGUAGE_STANDARD = gnu17;
				GCC_NO_COMMON_BLOCKS = YES;
				GCC_WARN_64_TO_32_BIT_CONVERSION = YES;
				GCC_WARN_ABOUT_RETURN_TYPE = YES_ERROR;
				GCC_WARN_UNDECLARED_SELECTOR = YES;
				GCC_WARN_UNINITIALIZED_AUTOS = YES_AGGRESSIVE;
				GCC_WARN_UNUSED_FUNCTION = YES;
				GCC_WARN_UNUSED_VARIABLE = YES;
				IPHONEOS_DEPLOYMENT_TARGET = 17.5;
				LOCALIZATION_PREFERS_STRING_CATALOGS = YES;
				MTL_ENABLE_DEBUG_INFO = NO;
				MTL_FAST_MATH = YES;
				SDKROOT = iphoneos;
				SWIFT_COMPILATION_MODE = wholemodule;
				VALIDATE_PRODUCT = YES;
			};
			name = Release;
		};
		EC9E15012C87D22D007A9F88 /* Debug */ = {
			isa = XCBuildConfiguration;
			buildSettings = {
				ASSETCATALOG_COMPILER_APPICON_NAME = AppIcon;
				ASSETCATALOG_COMPILER_GLOBAL_ACCENT_COLOR_NAME = AccentColor;
				CODE_SIGN_STYLE = Automatic;
				CURRENT_PROJECT_VERSION = 1;
				DEVELOPMENT_TEAM = HG57HQBN7Q;
				GENERATE_INFOPLIST_FILE = YES;
				INFOPLIST_FILE = NaEsquina/Info.plist;
				INFOPLIST_KEY_UIApplicationSupportsIndirectInputEvents = YES;
				INFOPLIST_KEY_UILaunchStoryboardName = LaunchScreen;
				INFOPLIST_KEY_UISupportedInterfaceOrientations_iPad = "UIInterfaceOrientationPortrait UIInterfaceOrientationPortraitUpsideDown UIInterfaceOrientationLandscapeLeft UIInterfaceOrientationLandscapeRight";
				INFOPLIST_KEY_UISupportedInterfaceOrientations_iPhone = "UIInterfaceOrientationPortrait UIInterfaceOrientationLandscapeLeft UIInterfaceOrientationLandscapeRight";
				LD_RUNPATH_SEARCH_PATHS = (
					"$(inherited)",
					"@executable_path/Frameworks",
				);
				MARKETING_VERSION = 1.0;
				PRODUCT_BUNDLE_IDENTIFIER = gustavoferreira.NaEsquina;
				PRODUCT_NAME = "$(TARGET_NAME)";
				SWIFT_EMIT_LOC_STRINGS = YES;
				SWIFT_VERSION = 5.0;
				TARGETED_DEVICE_FAMILY = "1,2";
			};
			name = Debug;
		};
		EC9E15022C87D22D007A9F88 /* Release */ = {
			isa = XCBuildConfiguration;
			buildSettings = {
				ASSETCATALOG_COMPILER_APPICON_NAME = AppIcon;
				ASSETCATALOG_COMPILER_GLOBAL_ACCENT_COLOR_NAME = AccentColor;
				CODE_SIGN_STYLE = Automatic;
				CURRENT_PROJECT_VERSION = 1;
				DEVELOPMENT_TEAM = HG57HQBN7Q;
				GENERATE_INFOPLIST_FILE = YES;
				INFOPLIST_FILE = NaEsquina/Info.plist;
				INFOPLIST_KEY_UIApplicationSupportsIndirectInputEvents = YES;
				INFOPLIST_KEY_UILaunchStoryboardName = LaunchScreen;
				INFOPLIST_KEY_UISupportedInterfaceOrientations_iPad = "UIInterfaceOrientationPortrait UIInterfaceOrientationPortraitUpsideDown UIInterfaceOrientationLandscapeLeft UIInterfaceOrientationLandscapeRight";
				INFOPLIST_KEY_UISupportedInterfaceOrientations_iPhone = "UIInterfaceOrientationPortrait UIInterfaceOrientationLandscapeLeft UIInterfaceOrientationLandscapeRight";
				LD_RUNPATH_SEARCH_PATHS = (
					"$(inherited)",
					"@executable_path/Frameworks",
				);
				MARKETING_VERSION = 1.0;
				PRODUCT_BUNDLE_IDENTIFIER = gustavoferreira.NaEsquina;
				PRODUCT_NAME = "$(TARGET_NAME)";
				SWIFT_EMIT_LOC_STRINGS = YES;
				SWIFT_VERSION = 5.0;
				TARGETED_DEVICE_FAMILY = "1,2";
			};
			name = Release;
		};
/* End XCBuildConfiguration section */

/* Begin XCConfigurationList section */
		EC9E14E72C87D22C007A9F88 /* Build configuration list for PBXProject "NaEsquina" */ = {
			isa = XCConfigurationList;
			buildConfigurations = (
				EC9E14FE2C87D22D007A9F88 /* Debug */,
				EC9E14FF2C87D22D007A9F88 /* Release */,
			);
			defaultConfigurationIsVisible = 0;
			defaultConfigurationName = Release;
		};
		EC9E15002C87D22D007A9F88 /* Build configuration list for PBXNativeTarget "NaEsquina" */ = {
			isa = XCConfigurationList;
			buildConfigurations = (
				EC9E15012C87D22D007A9F88 /* Debug */,
				EC9E15022C87D22D007A9F88 /* Release */,
			);
			defaultConfigurationIsVisible = 0;
			defaultConfigurationName = Release;
		};
/* End XCConfigurationList section */

/* Begin XCRemoteSwiftPackageReference section */
		ECABB0572C8FCD400030042E /* XCRemoteSwiftPackageReference "SwiftLintPlugins" */ = {
			isa = XCRemoteSwiftPackageReference;
			repositoryURL = "https://github.com/SimplyDanny/SwiftLintPlugins";
			requirement = {
				kind = upToNextMajorVersion;
				minimumVersion = 0.57.0;
			};
		};
/* End XCRemoteSwiftPackageReference section */
	};
	rootObject = EC9E14E42C87D22C007A9F88 /* Project object */;
}
