// !$*UTF8*$!
{
	archiveVersion = 1;
	classes = {
	};
	objectVersion = 56;
	objects = {

/* Begin PBXBuildFile section */
		EC1BCF1F2D01098B00E505AE /* FirebaseAuth in Frameworks */ = {isa = PBXBuildFile; productRef = EC1BCF1E2D01098B00E505AE /* FirebaseAuth */; };
		EC1BCF212D01098B00E505AE /* FirebaseDatabase in Frameworks */ = {isa = PBXBuildFile; productRef = EC1BCF202D01098B00E505AE /* FirebaseDatabase */; };
		EC1BCF232D01098B00E505AE /* FirebaseFirestore in Frameworks */ = {isa = PBXBuildFile; productRef = EC1BCF222D01098B00E505AE /* FirebaseFirestore */; };
		EC1BCF262D010A0C00E505AE /* SwiftKeychainWrapper in Frameworks */ = {isa = PBXBuildFile; productRef = EC1BCF252D010A0C00E505AE /* SwiftKeychainWrapper */; };
		EC1BCF292D010A7100E505AE /* RxSwift in Frameworks */ = {isa = PBXBuildFile; productRef = EC1BCF282D010A7100E505AE /* RxSwift */; };
		EC1BCF2B2D010AC200E505AE /* RxCocoa in Frameworks */ = {isa = PBXBuildFile; productRef = EC1BCF2A2D010AC200E505AE /* RxCocoa */; };
		EC1BCF2D2D010AC200E505AE /* RxSwift in Frameworks */ = {isa = PBXBuildFile; productRef = EC1BCF2C2D010AC200E505AE /* RxSwift */; };
		EC1D87332CACC874002363A4 /* AddBusinessViewController.swift in Sources */ = {isa = PBXBuildFile; fileRef = EC1D87322CACC874002363A4 /* AddBusinessViewController.swift */; };
		EC1D87352CACCB2A002363A4 /* SheetInfoView.swift in Sources */ = {isa = PBXBuildFile; fileRef = EC1D87342CACCB2A002363A4 /* SheetInfoView.swift */; };
		EC2517622CD6D49900AE1ECF /* ShowAlert.swift in Sources */ = {isa = PBXBuildFile; fileRef = EC2517612CD6D49200AE1ECF /* ShowAlert.swift */; };
		EC2560412C92677800F076F5 /* UIButton+Extension.swift in Sources */ = {isa = PBXBuildFile; fileRef = EC2560402C92677800F076F5 /* UIButton+Extension.swift */; };
		EC273DAA2CCEF76300945369 /* .swiftformat in Resources */ = {isa = PBXBuildFile; fileRef = EC273DA92CCEF76300945369 /* .swiftformat */; };
		EC36F0862D029B0100480BAD /* FirebaseStorage in Frameworks */ = {isa = PBXBuildFile; productRef = EC36F0852D029B0100480BAD /* FirebaseStorage */; };
		EC3AB3612C8A75A100DEDC44 /* ColorsExtension.swift in Sources */ = {isa = PBXBuildFile; fileRef = EC3AB3602C8A75A100DEDC44 /* ColorsExtension.swift */; };
		EC3AB3632C8A7D1700DEDC44 /* InputTextFieldView.swift in Sources */ = {isa = PBXBuildFile; fileRef = EC3AB3622C8A7D1700DEDC44 /* InputTextFieldView.swift */; };
		EC4E2FF32CCC84F8008CDFC3 /* FilterOption.swift in Sources */ = {isa = PBXBuildFile; fileRef = EC4E2FF22CCC84F8008CDFC3 /* FilterOption.swift */; };
		EC5063BE2CA23A31009852FA /* OtpTextFieldView.swift in Sources */ = {isa = PBXBuildFile; fileRef = EC5063BD2CA23A31009852FA /* OtpTextFieldView.swift */; };
		EC5A01992CD2E8EF003395D5 /* FirebaseService.swift in Sources */ = {isa = PBXBuildFile; fileRef = EC5A01982CD2E8EB003395D5 /* FirebaseService.swift */; };
		EC5A019B2CD2F2A8003395D5 /* InputEmailView.swift in Sources */ = {isa = PBXBuildFile; fileRef = EC5A019A2CD2F2A8003395D5 /* InputEmailView.swift */; };
		EC5A019D2CD2FE41003395D5 /* PasswordValidator.swift in Sources */ = {isa = PBXBuildFile; fileRef = EC5A019C2CD2FE3B003395D5 /* PasswordValidator.swift */; };
		EC5A019F2CD31415003395D5 /* .gitignore in Resources */ = {isa = PBXBuildFile; fileRef = EC5A019E2CD3140E003395D5 /* .gitignore */; };
		EC65642C2C9B926C00953563 /* FilterViewController.swift in Sources */ = {isa = PBXBuildFile; fileRef = EC65642B2C9B926C00953563 /* FilterViewController.swift */; };
		EC6BA7B42CC1C8B600D45065 /* SuggestionViewController.swift in Sources */ = {isa = PBXBuildFile; fileRef = EC6BA7B32CC1C8B600D45065 /* SuggestionViewController.swift */; };
		EC6DFE402CEE9DA700248A53 /* CoordinatorFlowController.swift in Sources */ = {isa = PBXBuildFile; fileRef = EC6DFE3F2CEE9DA600248A53 /* CoordinatorFlowController.swift */; };
		EC7220F72CF39C4D0048B35B /* MenuCoordinator.swift in Sources */ = {isa = PBXBuildFile; fileRef = EC7220F62CF39C420048B35B /* MenuCoordinator.swift */; };
		EC7220FA2CF3AD9B0048B35B /* UserCoordinator.swift in Sources */ = {isa = PBXBuildFile; fileRef = EC7220F92CF3AD930048B35B /* UserCoordinator.swift */; };
		EC7220FD2CF3E1350048B35B /* FirebaseAuthService.swift in Sources */ = {isa = PBXBuildFile; fileRef = EC7220FC2CF3E1300048B35B /* FirebaseAuthService.swift */; };
		EC7221012CF3E1BA0048B35B /* CoreDataUserSettingsService.swift in Sources */ = {isa = PBXBuildFile; fileRef = EC7221002CF3E1A70048B35B /* CoreDataUserSettingsService.swift */; };
		EC7221042CF3E1F50048B35B /* LoginModel.swift in Sources */ = {isa = PBXBuildFile; fileRef = EC7221032CF3E1F00048B35B /* LoginModel.swift */; };
		EC7D56182CFBCE0300F90F06 /* FilterPickerView.swift in Sources */ = {isa = PBXBuildFile; fileRef = EC7D56172CFBCE0300F90F06 /* FilterPickerView.swift */; };
		EC7E16F02CBDDCDE00BFFE15 /* UserOptionButtonCell.swift in Sources */ = {isa = PBXBuildFile; fileRef = EC7E16EF2CBDDCDE00BFFE15 /* UserOptionButtonCell.swift */; };
		EC7E6B322D1241CD00B56498 /* BusinessLocationFirebaseResponse.swift in Sources */ = {isa = PBXBuildFile; fileRef = EC7E6B312D1241BF00B56498 /* BusinessLocationFirebaseResponse.swift */; };
		EC821F6D2C8A6ACA00F35B96 /* SetupViewExtension.swift in Sources */ = {isa = PBXBuildFile; fileRef = EC821F6C2C8A6ACA00F35B96 /* SetupViewExtension.swift */; };
		EC893CAB2CD98B6400A94598 /* User_Settings.xcdatamodeld in Sources */ = {isa = PBXBuildFile; fileRef = EC893CA92CD98B6400A94598 /* User_Settings.xcdatamodeld */; };
		EC893CAD2CD9A20C00A94598 /* UserSettings.swift in Sources */ = {isa = PBXBuildFile; fileRef = EC893CAC2CD9A20500A94598 /* UserSettings.swift */; };
		EC8A86A82CC7EE080013524D /* MapView.swift in Sources */ = {isa = PBXBuildFile; fileRef = EC8A86A72CC7EE080013524D /* MapView.swift */; };
		EC98D8402CE1259E000040FF /* Firebase+Extension.swift in Sources */ = {isa = PBXBuildFile; fileRef = EC98D83F2CE12598000040FF /* Firebase+Extension.swift */; };
		EC98D8432CE12804000040FF /* LoadingView.swift in Sources */ = {isa = PBXBuildFile; fileRef = EC98D8422CE12804000040FF /* LoadingView.swift */; };
		EC9E14F02C87D22C007A9F88 /* AppDelegate.swift in Sources */ = {isa = PBXBuildFile; fileRef = EC9E14EF2C87D22C007A9F88 /* AppDelegate.swift */; };
		EC9E14F22C87D22C007A9F88 /* SceneDelegate.swift in Sources */ = {isa = PBXBuildFile; fileRef = EC9E14F12C87D22C007A9F88 /* SceneDelegate.swift */; };
		EC9E14F42C87D22C007A9F88 /* LoginViewController.swift in Sources */ = {isa = PBXBuildFile; fileRef = EC9E14F32C87D22C007A9F88 /* LoginViewController.swift */; };
		EC9E14F92C87D22D007A9F88 /* Assets.xcassets in Resources */ = {isa = PBXBuildFile; fileRef = EC9E14F82C87D22D007A9F88 /* Assets.xcassets */; };
		EC9E14FC2C87D22D007A9F88 /* Base in Resources */ = {isa = PBXBuildFile; fileRef = EC9E14FB2C87D22D007A9F88 /* Base */; };
		ECA184852D10DFAA00211924 /* FirebaseStorageService.swift in Sources */ = {isa = PBXBuildFile; fileRef = ECA184842D10DFAA00211924 /* FirebaseStorageService.swift */; };
		ECA30EA42CF29FFC003B3E95 /* LoginCoordinator.swift in Sources */ = {isa = PBXBuildFile; fileRef = ECA30EA32CF29FF0003B3E95 /* LoginCoordinator.swift */; };
		ECA92BE22CBD5C8400C417E1 /* UserViewController.swift in Sources */ = {isa = PBXBuildFile; fileRef = ECA92BE12CBD5C8400C417E1 /* UserViewController.swift */; };
		ECA947992CCA969C00B34811 /* SelectImageButton.swift in Sources */ = {isa = PBXBuildFile; fileRef = ECA947982CCA969C00B34811 /* SelectImageButton.swift */; };
		ECABB0522C8FB0740030042E /* InputPasswordView.swift in Sources */ = {isa = PBXBuildFile; fileRef = ECABB0512C8FB0740030042E /* InputPasswordView.swift */; };
		ECABB0542C8FC6C20030042E /* RegisterViewController.swift in Sources */ = {isa = PBXBuildFile; fileRef = ECABB0532C8FC6C20030042E /* RegisterViewController.swift */; };
		ECABB0562C8FC97D0030042E /* MenuViewController.swift in Sources */ = {isa = PBXBuildFile; fileRef = ECABB0552C8FC97D0030042E /* MenuViewController.swift */; };
		ECABB05B2C8FCDCA0030042E /* .swiftlint.yml in Resources */ = {isa = PBXBuildFile; fileRef = ECABB05A2C8FCDCA0030042E /* .swiftlint.yml */; };
		ECB1607F2CDC1E1600B4E114 /* CoreDataManager.swift in Sources */ = {isa = PBXBuildFile; fileRef = ECB1607E2CDC1E0C00B4E114 /* CoreDataManager.swift */; };
		ECB6338E2CB56D6200CD585B /* FilterButtonCell.swift in Sources */ = {isa = PBXBuildFile; fileRef = ECB6338D2CB56D6200CD585B /* FilterButtonCell.swift */; };
		ECBA89252C9F9F920016AAB4 /* ImageWithInfoView.swift in Sources */ = {isa = PBXBuildFile; fileRef = ECBA89242C9F9F920016AAB4 /* ImageWithInfoView.swift */; };
		ECBA89282C9FAE240016AAB4 /* Constants.swift in Sources */ = {isa = PBXBuildFile; fileRef = ECBA89272C9FAE210016AAB4 /* Constants.swift */; };
		ECBD55562CB2165A0020BCF8 /* InputWithLeftIconView.swift in Sources */ = {isa = PBXBuildFile; fileRef = ECBD55552CB2165A0020BCF8 /* InputWithLeftIconView.swift */; };
		ECBF82C52D13B2EA009390F2 /* CustomPointAnnotation.swift in Sources */ = {isa = PBXBuildFile; fileRef = ECBF82C42D13B2E7009390F2 /* CustomPointAnnotation.swift */; };
		ECE919242C8E31C00094B898 /* UITextField+Extension.swift in Sources */ = {isa = PBXBuildFile; fileRef = ECE919232C8E31C00094B898 /* UITextField+Extension.swift */; };
		ECE919272C8E4C6D0094B898 /* CurrentViewDescriptionView.swift in Sources */ = {isa = PBXBuildFile; fileRef = ECE919262C8E4C6D0094B898 /* CurrentViewDescriptionView.swift */; };
		ECE919292C8E66150094B898 /* RecoveryViewController.swift in Sources */ = {isa = PBXBuildFile; fileRef = ECE919282C8E66150094B898 /* RecoveryViewController.swift */; };
		ECE94DC22CC953ED0017BFC2 /* BusinessDetailsViewController.swift in Sources */ = {isa = PBXBuildFile; fileRef = ECE94DC12CC953ED0017BFC2 /* BusinessDetailsViewController.swift */; };
		ECE94DC42CC9551B0017BFC2 /* SheetBusinessDetailsView.swift in Sources */ = {isa = PBXBuildFile; fileRef = ECE94DC32CC9551B0017BFC2 /* SheetBusinessDetailsView.swift */; };
		ECECD82B2CC31D500038B171 /* UserDataViewController.swift in Sources */ = {isa = PBXBuildFile; fileRef = ECECD82A2CC31D500038B171 /* UserDataViewController.swift */; };
		ECEF1DF72CD05ED5000F94FE /* UserOptions.swift in Sources */ = {isa = PBXBuildFile; fileRef = ECEF1DF62CD05ECB000F94FE /* UserOptions.swift */; };
		ECEF1DF92CD0765C000F94FE /* GoogleService-Info.plist in Resources */ = {isa = PBXBuildFile; fileRef = ECEF1DF82CD0765C000F94FE /* GoogleService-Info.plist */; };
		ECF69EEB2CFCA05600D55279 /* PhoneNumberView.swift in Sources */ = {isa = PBXBuildFile; fileRef = ECF69EEA2CFCA05600D55279 /* PhoneNumberView.swift */; };
		ECF69EED2CFCB4DC00D55279 /* GetInputValue.swift in Sources */ = {isa = PBXBuildFile; fileRef = ECF69EEC2CFCB4CE00D55279 /* GetInputValue.swift */; };
		ECF853062D18EC4900059DEF /* BusinessDetailsCoordinator.swift in Sources */ = {isa = PBXBuildFile; fileRef = ECF853052D18EC3F00059DEF /* BusinessDetailsCoordinator.swift */; };
/* End PBXBuildFile section */

/* Begin PBXFileReference section */
		586348BABD108202A39897A3 /* Pods-NaEsquina.debug.xcconfig */ = {isa = PBXFileReference; includeInIndex = 1; lastKnownFileType = text.xcconfig; name = "Pods-NaEsquina.debug.xcconfig"; path = "Target Support Files/Pods-NaEsquina/Pods-NaEsquina.debug.xcconfig"; sourceTree = "<group>"; };
		788B64BE8DDB594F89DF86D5 /* Pods-NaEsquina.release.xcconfig */ = {isa = PBXFileReference; includeInIndex = 1; lastKnownFileType = text.xcconfig; name = "Pods-NaEsquina.release.xcconfig"; path = "Target Support Files/Pods-NaEsquina/Pods-NaEsquina.release.xcconfig"; sourceTree = "<group>"; };
		EC1D87322CACC874002363A4 /* AddBusinessViewController.swift */ = {isa = PBXFileReference; lastKnownFileType = sourcecode.swift; path = AddBusinessViewController.swift; sourceTree = "<group>"; };
		EC1D87342CACCB2A002363A4 /* SheetInfoView.swift */ = {isa = PBXFileReference; lastKnownFileType = sourcecode.swift; path = SheetInfoView.swift; sourceTree = "<group>"; };
		EC2517612CD6D49200AE1ECF /* ShowAlert.swift */ = {isa = PBXFileReference; lastKnownFileType = sourcecode.swift; path = ShowAlert.swift; sourceTree = "<group>"; };
		EC2560402C92677800F076F5 /* UIButton+Extension.swift */ = {isa = PBXFileReference; lastKnownFileType = sourcecode.swift; path = "UIButton+Extension.swift"; sourceTree = "<group>"; };
		EC273DA92CCEF76300945369 /* .swiftformat */ = {isa = PBXFileReference; lastKnownFileType = text; path = .swiftformat; sourceTree = "<group>"; };
		EC3AB3602C8A75A100DEDC44 /* ColorsExtension.swift */ = {isa = PBXFileReference; lastKnownFileType = sourcecode.swift; path = ColorsExtension.swift; sourceTree = "<group>"; };
		EC3AB3622C8A7D1700DEDC44 /* InputTextFieldView.swift */ = {isa = PBXFileReference; lastKnownFileType = sourcecode.swift; path = InputTextFieldView.swift; sourceTree = "<group>"; };
		EC4E2FF22CCC84F8008CDFC3 /* FilterOption.swift */ = {isa = PBXFileReference; lastKnownFileType = sourcecode.swift; path = FilterOption.swift; sourceTree = "<group>"; };
		EC5063BD2CA23A31009852FA /* OtpTextFieldView.swift */ = {isa = PBXFileReference; lastKnownFileType = sourcecode.swift; path = OtpTextFieldView.swift; sourceTree = "<group>"; };
		EC5A01982CD2E8EB003395D5 /* FirebaseService.swift */ = {isa = PBXFileReference; lastKnownFileType = sourcecode.swift; path = FirebaseService.swift; sourceTree = "<group>"; };
		EC5A019A2CD2F2A8003395D5 /* InputEmailView.swift */ = {isa = PBXFileReference; lastKnownFileType = sourcecode.swift; path = InputEmailView.swift; sourceTree = "<group>"; };
		EC5A019C2CD2FE3B003395D5 /* PasswordValidator.swift */ = {isa = PBXFileReference; lastKnownFileType = sourcecode.swift; path = PasswordValidator.swift; sourceTree = "<group>"; };
		EC5A019E2CD3140E003395D5 /* .gitignore */ = {isa = PBXFileReference; lastKnownFileType = text; path = .gitignore; sourceTree = "<group>"; };
		EC65642B2C9B926C00953563 /* FilterViewController.swift */ = {isa = PBXFileReference; lastKnownFileType = sourcecode.swift; path = FilterViewController.swift; sourceTree = "<group>"; };
		EC6798632D013BCC006C6EFA /* project.pbxproj */ = {isa = PBXFileReference; lastKnownFileType = text.pbxproject; name = project.pbxproj; path = NaEsquina.xcodeproj/project.pbxproj; sourceTree = "<group>"; };
		EC6BA7B32CC1C8B600D45065 /* SuggestionViewController.swift */ = {isa = PBXFileReference; lastKnownFileType = sourcecode.swift; path = SuggestionViewController.swift; sourceTree = "<group>"; };
		EC6DFE3F2CEE9DA600248A53 /* CoordinatorFlowController.swift */ = {isa = PBXFileReference; lastKnownFileType = sourcecode.swift; path = CoordinatorFlowController.swift; sourceTree = "<group>"; };
		EC7220F62CF39C420048B35B /* MenuCoordinator.swift */ = {isa = PBXFileReference; lastKnownFileType = sourcecode.swift; path = MenuCoordinator.swift; sourceTree = "<group>"; };
		EC7220F92CF3AD930048B35B /* UserCoordinator.swift */ = {isa = PBXFileReference; lastKnownFileType = sourcecode.swift; path = UserCoordinator.swift; sourceTree = "<group>"; };
		EC7220FC2CF3E1300048B35B /* FirebaseAuthService.swift */ = {isa = PBXFileReference; lastKnownFileType = sourcecode.swift; path = FirebaseAuthService.swift; sourceTree = "<group>"; };
		EC7221002CF3E1A70048B35B /* CoreDataUserSettingsService.swift */ = {isa = PBXFileReference; lastKnownFileType = sourcecode.swift; path = CoreDataUserSettingsService.swift; sourceTree = "<group>"; };
		EC7221032CF3E1F00048B35B /* LoginModel.swift */ = {isa = PBXFileReference; lastKnownFileType = sourcecode.swift; path = LoginModel.swift; sourceTree = "<group>"; };
		EC7D56172CFBCE0300F90F06 /* FilterPickerView.swift */ = {isa = PBXFileReference; lastKnownFileType = sourcecode.swift; path = FilterPickerView.swift; sourceTree = "<group>"; };
		EC7E16EF2CBDDCDE00BFFE15 /* UserOptionButtonCell.swift */ = {isa = PBXFileReference; lastKnownFileType = sourcecode.swift; path = UserOptionButtonCell.swift; sourceTree = "<group>"; };
		EC7E6B312D1241BF00B56498 /* BusinessLocationFirebaseResponse.swift */ = {isa = PBXFileReference; lastKnownFileType = sourcecode.swift; path = BusinessLocationFirebaseResponse.swift; sourceTree = "<group>"; };
		EC821F6C2C8A6ACA00F35B96 /* SetupViewExtension.swift */ = {isa = PBXFileReference; lastKnownFileType = sourcecode.swift; path = SetupViewExtension.swift; sourceTree = "<group>"; };
		EC893CAA2CD98B6400A94598 /* User_Settings.xcdatamodel */ = {isa = PBXFileReference; lastKnownFileType = wrapper.xcdatamodel; path = User_Settings.xcdatamodel; sourceTree = "<group>"; };
		EC893CAC2CD9A20500A94598 /* UserSettings.swift */ = {isa = PBXFileReference; lastKnownFileType = sourcecode.swift; path = UserSettings.swift; sourceTree = "<group>"; };
		EC8A86A72CC7EE080013524D /* MapView.swift */ = {isa = PBXFileReference; lastKnownFileType = sourcecode.swift; path = MapView.swift; sourceTree = "<group>"; };
		EC98D83F2CE12598000040FF /* Firebase+Extension.swift */ = {isa = PBXFileReference; lastKnownFileType = sourcecode.swift; path = "Firebase+Extension.swift"; sourceTree = "<group>"; };
		EC98D8422CE12804000040FF /* LoadingView.swift */ = {isa = PBXFileReference; lastKnownFileType = sourcecode.swift; path = LoadingView.swift; sourceTree = "<group>"; };
		EC9E14EC2C87D22C007A9F88 /* NaEsquina.app */ = {isa = PBXFileReference; explicitFileType = wrapper.application; includeInIndex = 0; path = NaEsquina.app; sourceTree = BUILT_PRODUCTS_DIR; };
		EC9E14EF2C87D22C007A9F88 /* AppDelegate.swift */ = {isa = PBXFileReference; lastKnownFileType = sourcecode.swift; path = AppDelegate.swift; sourceTree = "<group>"; };
		EC9E14F12C87D22C007A9F88 /* SceneDelegate.swift */ = {isa = PBXFileReference; lastKnownFileType = sourcecode.swift; path = SceneDelegate.swift; sourceTree = "<group>"; };
		EC9E14F32C87D22C007A9F88 /* LoginViewController.swift */ = {isa = PBXFileReference; lastKnownFileType = sourcecode.swift; path = LoginViewController.swift; sourceTree = "<group>"; };
		EC9E14F82C87D22D007A9F88 /* Assets.xcassets */ = {isa = PBXFileReference; lastKnownFileType = folder.assetcatalog; path = Assets.xcassets; sourceTree = "<group>"; };
		EC9E14FB2C87D22D007A9F88 /* Base */ = {isa = PBXFileReference; lastKnownFileType = file.storyboard; name = Base; path = Base.lproj/LaunchScreen.storyboard; sourceTree = "<group>"; };
		EC9E14FD2C87D22D007A9F88 /* Info.plist */ = {isa = PBXFileReference; lastKnownFileType = text.plist.xml; path = Info.plist; sourceTree = "<group>"; };
		ECA184842D10DFAA00211924 /* FirebaseStorageService.swift */ = {isa = PBXFileReference; lastKnownFileType = sourcecode.swift; path = FirebaseStorageService.swift; sourceTree = "<group>"; };
		ECA30EA32CF29FF0003B3E95 /* LoginCoordinator.swift */ = {isa = PBXFileReference; lastKnownFileType = sourcecode.swift; path = LoginCoordinator.swift; sourceTree = "<group>"; };
		ECA92BE12CBD5C8400C417E1 /* UserViewController.swift */ = {isa = PBXFileReference; lastKnownFileType = sourcecode.swift; path = UserViewController.swift; sourceTree = "<group>"; };
		ECA947982CCA969C00B34811 /* SelectImageButton.swift */ = {isa = PBXFileReference; lastKnownFileType = sourcecode.swift; path = SelectImageButton.swift; sourceTree = "<group>"; };
		ECABB0512C8FB0740030042E /* InputPasswordView.swift */ = {isa = PBXFileReference; lastKnownFileType = sourcecode.swift; path = InputPasswordView.swift; sourceTree = "<group>"; };
		ECABB0532C8FC6C20030042E /* RegisterViewController.swift */ = {isa = PBXFileReference; lastKnownFileType = sourcecode.swift; path = RegisterViewController.swift; sourceTree = "<group>"; };
		ECABB0552C8FC97D0030042E /* MenuViewController.swift */ = {isa = PBXFileReference; lastKnownFileType = sourcecode.swift; path = MenuViewController.swift; sourceTree = "<group>"; };
		ECABB05A2C8FCDCA0030042E /* .swiftlint.yml */ = {isa = PBXFileReference; lastKnownFileType = text.yaml; path = .swiftlint.yml; sourceTree = "<group>"; };
		ECB1607E2CDC1E0C00B4E114 /* CoreDataManager.swift */ = {isa = PBXFileReference; lastKnownFileType = sourcecode.swift; path = CoreDataManager.swift; sourceTree = "<group>"; };
		ECB6338D2CB56D6200CD585B /* FilterButtonCell.swift */ = {isa = PBXFileReference; lastKnownFileType = sourcecode.swift; path = FilterButtonCell.swift; sourceTree = "<group>"; };
		ECBA89242C9F9F920016AAB4 /* ImageWithInfoView.swift */ = {isa = PBXFileReference; lastKnownFileType = sourcecode.swift; path = ImageWithInfoView.swift; sourceTree = "<group>"; };
		ECBA89272C9FAE210016AAB4 /* Constants.swift */ = {isa = PBXFileReference; lastKnownFileType = sourcecode.swift; path = Constants.swift; sourceTree = "<group>"; };
		ECBD55552CB2165A0020BCF8 /* InputWithLeftIconView.swift */ = {isa = PBXFileReference; lastKnownFileType = sourcecode.swift; path = InputWithLeftIconView.swift; sourceTree = "<group>"; };
		ECBF82C42D13B2E7009390F2 /* CustomPointAnnotation.swift */ = {isa = PBXFileReference; lastKnownFileType = sourcecode.swift; path = CustomPointAnnotation.swift; sourceTree = "<group>"; };
		ECE919232C8E31C00094B898 /* UITextField+Extension.swift */ = {isa = PBXFileReference; lastKnownFileType = sourcecode.swift; path = "UITextField+Extension.swift"; sourceTree = "<group>"; };
		ECE919262C8E4C6D0094B898 /* CurrentViewDescriptionView.swift */ = {isa = PBXFileReference; lastKnownFileType = sourcecode.swift; path = CurrentViewDescriptionView.swift; sourceTree = "<group>"; };
		ECE919282C8E66150094B898 /* RecoveryViewController.swift */ = {isa = PBXFileReference; lastKnownFileType = sourcecode.swift; path = RecoveryViewController.swift; sourceTree = "<group>"; };
		ECE94DC12CC953ED0017BFC2 /* BusinessDetailsViewController.swift */ = {isa = PBXFileReference; lastKnownFileType = sourcecode.swift; path = BusinessDetailsViewController.swift; sourceTree = "<group>"; };
		ECE94DC32CC9551B0017BFC2 /* SheetBusinessDetailsView.swift */ = {isa = PBXFileReference; lastKnownFileType = sourcecode.swift; path = SheetBusinessDetailsView.swift; sourceTree = "<group>"; };
		ECECD82A2CC31D500038B171 /* UserDataViewController.swift */ = {isa = PBXFileReference; lastKnownFileType = sourcecode.swift; path = UserDataViewController.swift; sourceTree = "<group>"; };
		ECEF1DF62CD05ECB000F94FE /* UserOptions.swift */ = {isa = PBXFileReference; lastKnownFileType = sourcecode.swift; path = UserOptions.swift; sourceTree = "<group>"; };
		ECEF1DF82CD0765C000F94FE /* GoogleService-Info.plist */ = {isa = PBXFileReference; lastKnownFileType = text.plist.xml; path = "GoogleService-Info.plist"; sourceTree = "<group>"; };
		ECF69EEA2CFCA05600D55279 /* PhoneNumberView.swift */ = {isa = PBXFileReference; lastKnownFileType = sourcecode.swift; path = PhoneNumberView.swift; sourceTree = "<group>"; };
		ECF69EEC2CFCB4CE00D55279 /* GetInputValue.swift */ = {isa = PBXFileReference; lastKnownFileType = sourcecode.swift; path = GetInputValue.swift; sourceTree = "<group>"; };
		ECF853052D18EC3F00059DEF /* BusinessDetailsCoordinator.swift */ = {isa = PBXFileReference; lastKnownFileType = sourcecode.swift; path = BusinessDetailsCoordinator.swift; sourceTree = "<group>"; };
/* End PBXFileReference section */

/* Begin PBXFrameworksBuildPhase section */
		EC9E14E92C87D22C007A9F88 /* Frameworks */ = {
			isa = PBXFrameworksBuildPhase;
			buildActionMask = 2147483647;
			files = (
				EC1BCF2B2D010AC200E505AE /* RxCocoa in Frameworks */,
				EC1BCF212D01098B00E505AE /* FirebaseDatabase in Frameworks */,
				EC1BCF1F2D01098B00E505AE /* FirebaseAuth in Frameworks */,
				EC1BCF292D010A7100E505AE /* RxSwift in Frameworks */,
				EC1BCF262D010A0C00E505AE /* SwiftKeychainWrapper in Frameworks */,
				EC36F0862D029B0100480BAD /* FirebaseStorage in Frameworks */,
				EC1BCF232D01098B00E505AE /* FirebaseFirestore in Frameworks */,
				EC1BCF2D2D010AC200E505AE /* RxSwift in Frameworks */,
			);
			runOnlyForDeploymentPostprocessing = 0;
		};
/* End PBXFrameworksBuildPhase section */

/* Begin PBXGroup section */
		EC1BCF122D0108AF00E505AE /* Frameworks */ = {
			isa = PBXGroup;
			children = (
				EC6798632D013BCC006C6EFA /* project.pbxproj */,
			);
			name = Frameworks;
			sourceTree = "<group>";
		};
		EC39E3AC2D852786B818C5C4 /* Pods */ = {
			isa = PBXGroup;
			children = (
				586348BABD108202A39897A3 /* Pods-NaEsquina.debug.xcconfig */,
				788B64BE8DDB594F89DF86D5 /* Pods-NaEsquina.release.xcconfig */,
			);
			path = Pods;
			sourceTree = "<group>";
		};
		EC4E2FF42CCC9C0D008CDFC3 /* Modules */ = {
			isa = PBXGroup;
			children = (
				EC4E30152CCCABB7008CDFC3 /* Recovery */,
				EC4E30122CCCAB8C008CDFC3 /* Login */,
				EC4E300F2CCCAAC9008CDFC3 /* BusinessDetails */,
				EC4E30092CCCAA1E008CDFC3 /* Suggestion */,
				EC4E30062CCCA7F1008CDFC3 /* AddBusiness */,
				EC4E300C2CCCAA93008CDFC3 /* User */,
				EC4E30002CCCA591008CDFC3 /* UserData */,
				EC4E30032CCCA651008CDFC3 /* Register */,
				EC4E2FFC2CCC9E03008CDFC3 /* Filter */,
				EC4E2FF92CCC9C48008CDFC3 /* Menu */,
			);
			path = Modules;
			sourceTree = "<group>";
		};
		EC4E2FF92CCC9C48008CDFC3 /* Menu */ = {
			isa = PBXGroup;
			children = (
				EC7220F52CF39C380048B35B /* Coordinator */,
				EC4E2FFA2CCC9C4F008CDFC3 /* Controllers */,
				EC4E2FFB2CCC9C5B008CDFC3 /* Views */,
			);
			path = Menu;
			sourceTree = "<group>";
		};
		EC4E2FFA2CCC9C4F008CDFC3 /* Controllers */ = {
			isa = PBXGroup;
			children = (
				ECABB0552C8FC97D0030042E /* MenuViewController.swift */,
			);
			path = Controllers;
			sourceTree = "<group>";
		};
		EC4E2FFB2CCC9C5B008CDFC3 /* Views */ = {
			isa = PBXGroup;
			children = (
				ECBF82C42D13B2E7009390F2 /* CustomPointAnnotation.swift */,
				EC8A86A72CC7EE080013524D /* MapView.swift */,
			);
			path = Views;
			sourceTree = "<group>";
		};
		EC4E2FFC2CCC9E03008CDFC3 /* Filter */ = {
			isa = PBXGroup;
			children = (
				EC4E2FFD2CCC9E17008CDFC3 /* Controllers */,
				EC4E2FFE2CCC9E27008CDFC3 /* Views */,
				EC4E30212CCCAD49008CDFC3 /* Models */,
			);
			path = Filter;
			sourceTree = "<group>";
		};
		EC4E2FFD2CCC9E17008CDFC3 /* Controllers */ = {
			isa = PBXGroup;
			children = (
				EC65642B2C9B926C00953563 /* FilterViewController.swift */,
			);
			path = Controllers;
			sourceTree = "<group>";
		};
		EC4E2FFE2CCC9E27008CDFC3 /* Views */ = {
			isa = PBXGroup;
			children = (
				ECB6338D2CB56D6200CD585B /* FilterButtonCell.swift */,
			);
			path = Views;
			sourceTree = "<group>";
		};
		EC4E2FFF2CCCA4C1008CDFC3 /* Shared */ = {
			isa = PBXGroup;
			children = (
				EC1D87342CACCB2A002363A4 /* SheetInfoView.swift */,
				ECBA89242C9F9F920016AAB4 /* ImageWithInfoView.swift */,
				ECABB0512C8FB0740030042E /* InputPasswordView.swift */,
				EC5063BD2CA23A31009852FA /* OtpTextFieldView.swift */,
				ECE919262C8E4C6D0094B898 /* CurrentViewDescriptionView.swift */,
				EC3AB3622C8A7D1700DEDC44 /* InputTextFieldView.swift */,
				EC5A019A2CD2F2A8003395D5 /* InputEmailView.swift */,
				EC98D8422CE12804000040FF /* LoadingView.swift */,
			);
			path = Shared;
			sourceTree = "<group>";
		};
		EC4E30002CCCA591008CDFC3 /* UserData */ = {
			isa = PBXGroup;
			children = (
				EC4E30022CCCA5AB008CDFC3 /* Controllers */,
				EC4E30012CCCA5A6008CDFC3 /* Views */,
			);
			path = UserData;
			sourceTree = "<group>";
		};
		EC4E30012CCCA5A6008CDFC3 /* Views */ = {
			isa = PBXGroup;
			children = (
				EC7E16EF2CBDDCDE00BFFE15 /* UserOptionButtonCell.swift */,
			);
			path = Views;
			sourceTree = "<group>";
		};
		EC4E30022CCCA5AB008CDFC3 /* Controllers */ = {
			isa = PBXGroup;
			children = (
				ECECD82A2CC31D500038B171 /* UserDataViewController.swift */,
			);
			path = Controllers;
			sourceTree = "<group>";
		};
		EC4E30032CCCA651008CDFC3 /* Register */ = {
			isa = PBXGroup;
			children = (
				EC4E30052CCCA680008CDFC3 /* Controllers */,
				EC4E30042CCCA679008CDFC3 /* Views */,
			);
			path = Register;
			sourceTree = "<group>";
		};
		EC4E30042CCCA679008CDFC3 /* Views */ = {
			isa = PBXGroup;
			children = (
			);
			path = Views;
			sourceTree = "<group>";
		};
		EC4E30052CCCA680008CDFC3 /* Controllers */ = {
			isa = PBXGroup;
			children = (
				ECABB0532C8FC6C20030042E /* RegisterViewController.swift */,
			);
			path = Controllers;
			sourceTree = "<group>";
		};
		EC4E30062CCCA7F1008CDFC3 /* AddBusiness */ = {
			isa = PBXGroup;
			children = (
				EC4E30082CCCA808008CDFC3 /* Controllers */,
				EC4E30072CCCA7FC008CDFC3 /* Views */,
			);
			path = AddBusiness;
			sourceTree = "<group>";
		};
		EC4E30072CCCA7FC008CDFC3 /* Views */ = {
			isa = PBXGroup;
			children = (
				ECA947982CCA969C00B34811 /* SelectImageButton.swift */,
				ECBD55552CB2165A0020BCF8 /* InputWithLeftIconView.swift */,
				ECF69EEA2CFCA05600D55279 /* PhoneNumberView.swift */,
				EC7D56172CFBCE0300F90F06 /* FilterPickerView.swift */,
			);
			path = Views;
			sourceTree = "<group>";
		};
		EC4E30082CCCA808008CDFC3 /* Controllers */ = {
			isa = PBXGroup;
			children = (
				EC1D87322CACC874002363A4 /* AddBusinessViewController.swift */,
			);
			path = Controllers;
			sourceTree = "<group>";
		};
		EC4E30092CCCAA1E008CDFC3 /* Suggestion */ = {
			isa = PBXGroup;
			children = (
				EC4E300B2CCCAA33008CDFC3 /* Controllers */,
				EC4E300A2CCCAA2B008CDFC3 /* Views */,
			);
			path = Suggestion;
			sourceTree = "<group>";
		};
		EC4E300A2CCCAA2B008CDFC3 /* Views */ = {
			isa = PBXGroup;
			children = (
			);
			path = Views;
			sourceTree = "<group>";
		};
		EC4E300B2CCCAA33008CDFC3 /* Controllers */ = {
			isa = PBXGroup;
			children = (
				EC6BA7B32CC1C8B600D45065 /* SuggestionViewController.swift */,
			);
			path = Controllers;
			sourceTree = "<group>";
		};
		EC4E300C2CCCAA93008CDFC3 /* User */ = {
			isa = PBXGroup;
			children = (
				EC7220F82CF3AD8A0048B35B /* Coordinator */,
				EC4E300E2CCCAAAA008CDFC3 /* Controllers */,
				EC4E300D2CCCAAA3008CDFC3 /* Views */,
			);
			path = User;
			sourceTree = "<group>";
		};
		EC4E300D2CCCAAA3008CDFC3 /* Views */ = {
			isa = PBXGroup;
			children = (
			);
			path = Views;
			sourceTree = "<group>";
		};
		EC4E300E2CCCAAAA008CDFC3 /* Controllers */ = {
			isa = PBXGroup;
			children = (
				ECA92BE12CBD5C8400C417E1 /* UserViewController.swift */,
			);
			path = Controllers;
			sourceTree = "<group>";
		};
		EC4E300F2CCCAAC9008CDFC3 /* BusinessDetails */ = {
			isa = PBXGroup;
			children = (
				ECF853042D18EC3700059DEF /* Coordinator */,
				EC4E30112CCCAAE2008CDFC3 /* Controllers */,
				EC4E30102CCCAAD3008CDFC3 /* Views */,
			);
			path = BusinessDetails;
			sourceTree = "<group>";
		};
		EC4E30102CCCAAD3008CDFC3 /* Views */ = {
			isa = PBXGroup;
			children = (
				ECE94DC32CC9551B0017BFC2 /* SheetBusinessDetailsView.swift */,
			);
			path = Views;
			sourceTree = "<group>";
		};
		EC4E30112CCCAAE2008CDFC3 /* Controllers */ = {
			isa = PBXGroup;
			children = (
				ECE94DC12CC953ED0017BFC2 /* BusinessDetailsViewController.swift */,
			);
			path = Controllers;
			sourceTree = "<group>";
		};
		EC4E30122CCCAB8C008CDFC3 /* Login */ = {
			isa = PBXGroup;
			children = (
				ECA30EA22CF29FE1003B3E95 /* Coordinator */,
				EC4E30142CCCABA3008CDFC3 /* Controllers */,
				EC4E30132CCCAB97008CDFC3 /* Views */,
				EC7221022CF3E1DE0048B35B /* Model */,
			);
			path = Login;
			sourceTree = "<group>";
		};
		EC4E30132CCCAB97008CDFC3 /* Views */ = {
			isa = PBXGroup;
			children = (
			);
			path = Views;
			sourceTree = "<group>";
		};
		EC4E30142CCCABA3008CDFC3 /* Controllers */ = {
			isa = PBXGroup;
			children = (
				EC9E14F32C87D22C007A9F88 /* LoginViewController.swift */,
			);
			path = Controllers;
			sourceTree = "<group>";
		};
		EC4E30152CCCABB7008CDFC3 /* Recovery */ = {
			isa = PBXGroup;
			children = (
				EC4E30172CCCABC7008CDFC3 /* Controllers */,
				EC4E30162CCCABC1008CDFC3 /* Views */,
			);
			path = Recovery;
			sourceTree = "<group>";
		};
		EC4E30162CCCABC1008CDFC3 /* Views */ = {
			isa = PBXGroup;
			children = (
			);
			path = Views;
			sourceTree = "<group>";
		};
		EC4E30172CCCABC7008CDFC3 /* Controllers */ = {
			isa = PBXGroup;
			children = (
				ECE919282C8E66150094B898 /* RecoveryViewController.swift */,
			);
			path = Controllers;
			sourceTree = "<group>";
		};
		EC4E30212CCCAD49008CDFC3 /* Models */ = {
			isa = PBXGroup;
			children = (
				EC4E2FF22CCC84F8008CDFC3 /* FilterOption.swift */,
			);
			path = Models;
			sourceTree = "<group>";
		};
		EC6DFE3C2CEE99E000248A53 /* Coordinator */ = {
			isa = PBXGroup;
			children = (
				EC6DFE3F2CEE9DA600248A53 /* CoordinatorFlowController.swift */,
			);
			path = Coordinator;
			sourceTree = "<group>";
		};
		EC7220F52CF39C380048B35B /* Coordinator */ = {
			isa = PBXGroup;
			children = (
				EC7220F62CF39C420048B35B /* MenuCoordinator.swift */,
			);
			path = Coordinator;
			sourceTree = "<group>";
		};
		EC7220F82CF3AD8A0048B35B /* Coordinator */ = {
			isa = PBXGroup;
			children = (
				EC7220F92CF3AD930048B35B /* UserCoordinator.swift */,
			);
			path = Coordinator;
			sourceTree = "<group>";
		};
		EC7221022CF3E1DE0048B35B /* Model */ = {
			isa = PBXGroup;
			children = (
				EC7221032CF3E1F00048B35B /* LoginModel.swift */,
			);
			path = Model;
			sourceTree = "<group>";
		};
		EC821F662C8A69E900F35B96 /* Models */ = {
			isa = PBXGroup;
			children = (
				EC7E6B312D1241BF00B56498 /* BusinessLocationFirebaseResponse.swift */,
				EC893CAC2CD9A20500A94598 /* UserSettings.swift */,
			);
			path = Models;
			sourceTree = "<group>";
		};
		EC821F672C8A69FD00F35B96 /* Views */ = {
			isa = PBXGroup;
			children = (
				EC4E2FFF2CCCA4C1008CDFC3 /* Shared */,
			);
			path = Views;
			sourceTree = "<group>";
		};
		EC821F692C8A6A1600F35B96 /* Services */ = {
			isa = PBXGroup;
			children = (
				EC7221002CF3E1A70048B35B /* CoreDataUserSettingsService.swift */,
				EC5A01982CD2E8EB003395D5 /* FirebaseService.swift */,
				ECA184842D10DFAA00211924 /* FirebaseStorageService.swift */,
				EC7220FC2CF3E1300048B35B /* FirebaseAuthService.swift */,
			);
			path = Services;
			sourceTree = "<group>";
		};
		EC821F6A2C8A6A1E00F35B96 /* Helpers */ = {
			isa = PBXGroup;
			children = (
				ECF69EEC2CFCB4CE00D55279 /* GetInputValue.swift */,
				EC98D83F2CE12598000040FF /* Firebase+Extension.swift */,
				EC2517612CD6D49200AE1ECF /* ShowAlert.swift */,
				EC5A019C2CD2FE3B003395D5 /* PasswordValidator.swift */,
				EC821F6C2C8A6ACA00F35B96 /* SetupViewExtension.swift */,
				EC3AB3602C8A75A100DEDC44 /* ColorsExtension.swift */,
				ECE919232C8E31C00094B898 /* UITextField+Extension.swift */,
				EC2560402C92677800F076F5 /* UIButton+Extension.swift */,
			);
			path = Helpers;
			sourceTree = "<group>";
		};
		EC821F6B2C8A6A2900F35B96 /* Resources */ = {
			isa = PBXGroup;
			children = (
				EC9E14F82C87D22D007A9F88 /* Assets.xcassets */,
			);
			path = Resources;
			sourceTree = "<group>";
		};
		EC893CAE2CD9A61E00A94598 /* CoreData */ = {
			isa = PBXGroup;
			children = (
				EC893CA92CD98B6400A94598 /* User_Settings.xcdatamodeld */,
			);
			path = CoreData;
			sourceTree = "<group>";
		};
		EC9E14E32C87D22C007A9F88 = {
			isa = PBXGroup;
			children = (
				EC9E14EE2C87D22C007A9F88 /* NaEsquina */,
				EC1BCF122D0108AF00E505AE /* Frameworks */,
				EC9E14ED2C87D22C007A9F88 /* Products */,
				EC39E3AC2D852786B818C5C4 /* Pods */,
			);
			sourceTree = "<group>";
		};
		EC9E14ED2C87D22C007A9F88 /* Products */ = {
			isa = PBXGroup;
			children = (
				EC9E14EC2C87D22C007A9F88 /* NaEsquina.app */,
			);
			name = Products;
			sourceTree = "<group>";
		};
		EC9E14EE2C87D22C007A9F88 /* NaEsquina */ = {
			isa = PBXGroup;
			children = (
				EC4E2FF42CCC9C0D008CDFC3 /* Modules */,
				EC821F662C8A69E900F35B96 /* Models */,
				EC893CAE2CD9A61E00A94598 /* CoreData */,
				ECB1607D2CDC1DED00B4E114 /* Data */,
				EC821F672C8A69FD00F35B96 /* Views */,
				EC821F692C8A6A1600F35B96 /* Services */,
				EC821F6A2C8A6A1E00F35B96 /* Helpers */,
				ECBA89262C9FAE160016AAB4 /* Constants */,
				EC821F6B2C8A6A2900F35B96 /* Resources */,
				EC6DFE3C2CEE99E000248A53 /* Coordinator */,
				EC9E14EF2C87D22C007A9F88 /* AppDelegate.swift */,
				EC9E14F12C87D22C007A9F88 /* SceneDelegate.swift */,
				EC9E14FA2C87D22D007A9F88 /* LaunchScreen.storyboard */,
				EC9E14FD2C87D22D007A9F88 /* Info.plist */,
				ECEF1DF82CD0765C000F94FE /* GoogleService-Info.plist */,
				EC5A019E2CD3140E003395D5 /* .gitignore */,
				ECABB05A2C8FCDCA0030042E /* .swiftlint.yml */,
				EC273DA92CCEF76300945369 /* .swiftformat */,
			);
			path = NaEsquina;
			sourceTree = "<group>";
		};
		ECA30EA22CF29FE1003B3E95 /* Coordinator */ = {
			isa = PBXGroup;
			children = (
				ECA30EA32CF29FF0003B3E95 /* LoginCoordinator.swift */,
			);
			path = Coordinator;
			sourceTree = "<group>";
		};
		ECB1607D2CDC1DED00B4E114 /* Data */ = {
			isa = PBXGroup;
			children = (
				ECB1607E2CDC1E0C00B4E114 /* CoreDataManager.swift */,
			);
			path = Data;
			sourceTree = "<group>";
		};
		ECBA89262C9FAE160016AAB4 /* Constants */ = {
			isa = PBXGroup;
			children = (
				ECEF1DF62CD05ECB000F94FE /* UserOptions.swift */,
				ECBA89272C9FAE210016AAB4 /* Constants.swift */,
			);
			path = Constants;
			sourceTree = "<group>";
		};
		ECF853042D18EC3700059DEF /* Coordinator */ = {
			isa = PBXGroup;
			children = (
				ECF853052D18EC3F00059DEF /* BusinessDetailsCoordinator.swift */,
			);
			path = Coordinator;
			sourceTree = "<group>";
		};
/* End PBXGroup section */

/* Begin PBXNativeTarget section */
		EC9E14EB2C87D22C007A9F88 /* NaEsquina */ = {
			isa = PBXNativeTarget;
			buildConfigurationList = EC9E15002C87D22D007A9F88 /* Build configuration list for PBXNativeTarget "NaEsquina" */;
			buildPhases = (
				3951774DC14EF0EC49F18A7F /* [CP] Check Pods Manifest.lock */,
				EC9E14E82C87D22C007A9F88 /* Sources */,
				EC9E14E92C87D22C007A9F88 /* Frameworks */,
				EC9E14EA2C87D22C007A9F88 /* Resources */,
			);
			buildRules = (
			);
			dependencies = (
			);
			name = NaEsquina;
			productName = NaEsquina;
			productReference = EC9E14EC2C87D22C007A9F88 /* NaEsquina.app */;
			productType = "com.apple.product-type.application";
		};
/* End PBXNativeTarget section */

/* Begin PBXProject section */
		EC9E14E42C87D22C007A9F88 /* Project object */ = {
			isa = PBXProject;
			attributes = {
				BuildIndependentTargetsInParallel = 1;
				LastSwiftUpdateCheck = 1540;
				LastUpgradeCheck = 1540;
				TargetAttributes = {
					EC9E14EB2C87D22C007A9F88 = {
						CreatedOnToolsVersion = 15.4;
					};
				};
			};
			buildConfigurationList = EC9E14E72C87D22C007A9F88 /* Build configuration list for PBXProject "NaEsquina" */;
			compatibilityVersion = "Xcode 14.0";
			developmentRegion = en;
			hasScannedForEncodings = 0;
			knownRegions = (
				en,
				Base,
			);
			mainGroup = EC9E14E32C87D22C007A9F88;
			packageReferences = (
				EC1BCF1D2D01098B00E505AE /* XCRemoteSwiftPackageReference "firebase-ios-sdk" */,
				EC1BCF242D010A0C00E505AE /* XCRemoteSwiftPackageReference "SwiftKeychainWrapper" */,
				EC1BCF272D010A7100E505AE /* XCRemoteSwiftPackageReference "RxSwift" */,
			);
			productRefGroup = EC9E14ED2C87D22C007A9F88 /* Products */;
			projectDirPath = "";
			projectRoot = "";
			targets = (
				EC9E14EB2C87D22C007A9F88 /* NaEsquina */,
			);
		};
/* End PBXProject section */

/* Begin PBXResourcesBuildPhase section */
		EC9E14EA2C87D22C007A9F88 /* Resources */ = {
			isa = PBXResourcesBuildPhase;
			buildActionMask = 2147483647;
			files = (
				EC273DAA2CCEF76300945369 /* .swiftformat in Resources */,
				ECABB05B2C8FCDCA0030042E /* .swiftlint.yml in Resources */,
				ECEF1DF92CD0765C000F94FE /* GoogleService-Info.plist in Resources */,
				EC9E14F92C87D22D007A9F88 /* Assets.xcassets in Resources */,
				EC5A019F2CD31415003395D5 /* .gitignore in Resources */,
				EC9E14FC2C87D22D007A9F88 /* Base in Resources */,
			);
			runOnlyForDeploymentPostprocessing = 0;
		};
/* End PBXResourcesBuildPhase section */

/* Begin PBXShellScriptBuildPhase section */
		3951774DC14EF0EC49F18A7F /* [CP] Check Pods Manifest.lock */ = {
			isa = PBXShellScriptBuildPhase;
			buildActionMask = 2147483647;
			files = (
			);
			inputFileListPaths = (
			);
			inputPaths = (
				"${PODS_PODFILE_DIR_PATH}/Podfile.lock",
				"${PODS_ROOT}/Manifest.lock",
			);
			name = "[CP] Check Pods Manifest.lock";
			outputFileListPaths = (
			);
			outputPaths = (
				"$(DERIVED_FILE_DIR)/Pods-NaEsquina-checkManifestLockResult.txt",
			);
			runOnlyForDeploymentPostprocessing = 0;
			shellPath = /bin/sh;
			shellScript = "diff \"${PODS_PODFILE_DIR_PATH}/Podfile.lock\" \"${PODS_ROOT}/Manifest.lock\" > /dev/null\nif [ $? != 0 ] ; then\n    # print error to STDERR\n    echo \"error: The sandbox is not in sync with the Podfile.lock. Run 'pod install' or update your CocoaPods installation.\" >&2\n    exit 1\nfi\n# This output is used by Xcode 'outputs' to avoid re-running this script phase.\necho \"SUCCESS\" > \"${SCRIPT_OUTPUT_FILE_0}\"\n";
			showEnvVarsInLog = 0;
		};
/* End PBXShellScriptBuildPhase section */

/* Begin PBXSourcesBuildPhase section */
		EC9E14E82C87D22C007A9F88 /* Sources */ = {
			isa = PBXSourcesBuildPhase;
			buildActionMask = 2147483647;
			files = (
				EC5A019B2CD2F2A8003395D5 /* InputEmailView.swift in Sources */,
				EC6BA7B42CC1C8B600D45065 /* SuggestionViewController.swift in Sources */,
				EC5063BE2CA23A31009852FA /* OtpTextFieldView.swift in Sources */,
				EC7220FA2CF3AD9B0048B35B /* UserCoordinator.swift in Sources */,
				EC65642C2C9B926C00953563 /* FilterViewController.swift in Sources */,
				EC7D56182CFBCE0300F90F06 /* FilterPickerView.swift in Sources */,
				EC1D87352CACCB2A002363A4 /* SheetInfoView.swift in Sources */,
				ECEF1DF72CD05ED5000F94FE /* UserOptions.swift in Sources */,
				ECABB0522C8FB0740030042E /* InputPasswordView.swift in Sources */,
				EC7221012CF3E1BA0048B35B /* CoreDataUserSettingsService.swift in Sources */,
				EC9E14F42C87D22C007A9F88 /* LoginViewController.swift in Sources */,
				ECE94DC42CC9551B0017BFC2 /* SheetBusinessDetailsView.swift in Sources */,
				ECE94DC22CC953ED0017BFC2 /* BusinessDetailsViewController.swift in Sources */,
				ECA30EA42CF29FFC003B3E95 /* LoginCoordinator.swift in Sources */,
				EC2560412C92677800F076F5 /* UIButton+Extension.swift in Sources */,
				EC8A86A82CC7EE080013524D /* MapView.swift in Sources */,
				EC98D8402CE1259E000040FF /* Firebase+Extension.swift in Sources */,
				EC5A01992CD2E8EF003395D5 /* FirebaseService.swift in Sources */,
				ECF69EEB2CFCA05600D55279 /* PhoneNumberView.swift in Sources */,
				EC7220F72CF39C4D0048B35B /* MenuCoordinator.swift in Sources */,
				EC2517622CD6D49900AE1ECF /* ShowAlert.swift in Sources */,
				EC6DFE402CEE9DA700248A53 /* CoordinatorFlowController.swift in Sources */,
				EC821F6D2C8A6ACA00F35B96 /* SetupViewExtension.swift in Sources */,
				ECA184852D10DFAA00211924 /* FirebaseStorageService.swift in Sources */,
				ECF69EED2CFCB4DC00D55279 /* GetInputValue.swift in Sources */,
				ECBD55562CB2165A0020BCF8 /* InputWithLeftIconView.swift in Sources */,
				ECE919242C8E31C00094B898 /* UITextField+Extension.swift in Sources */,
				EC98D8432CE12804000040FF /* LoadingView.swift in Sources */,
				ECABB0562C8FC97D0030042E /* MenuViewController.swift in Sources */,
				ECA947992CCA969C00B34811 /* SelectImageButton.swift in Sources */,
				ECECD82B2CC31D500038B171 /* UserDataViewController.swift in Sources */,
				ECBA89282C9FAE240016AAB4 /* Constants.swift in Sources */,
				EC1D87332CACC874002363A4 /* AddBusinessViewController.swift in Sources */,
				ECB1607F2CDC1E1600B4E114 /* CoreDataManager.swift in Sources */,
				ECE919272C8E4C6D0094B898 /* CurrentViewDescriptionView.swift in Sources */,
				ECA92BE22CBD5C8400C417E1 /* UserViewController.swift in Sources */,
				EC893CAD2CD9A20C00A94598 /* UserSettings.swift in Sources */,
				ECBA89252C9F9F920016AAB4 /* ImageWithInfoView.swift in Sources */,
				EC7E16F02CBDDCDE00BFFE15 /* UserOptionButtonCell.swift in Sources */,
				EC5A019D2CD2FE41003395D5 /* PasswordValidator.swift in Sources */,
				ECF853062D18EC4900059DEF /* BusinessDetailsCoordinator.swift in Sources */,
				ECB6338E2CB56D6200CD585B /* FilterButtonCell.swift in Sources */,
				EC7221042CF3E1F50048B35B /* LoginModel.swift in Sources */,
				EC893CAB2CD98B6400A94598 /* User_Settings.xcdatamodeld in Sources */,
				ECE919292C8E66150094B898 /* RecoveryViewController.swift in Sources */,
				ECABB0542C8FC6C20030042E /* RegisterViewController.swift in Sources */,
				EC9E14F02C87D22C007A9F88 /* AppDelegate.swift in Sources */,
				EC7E6B322D1241CD00B56498 /* BusinessLocationFirebaseResponse.swift in Sources */,
				EC7220FD2CF3E1350048B35B /* FirebaseAuthService.swift in Sources */,
				EC9E14F22C87D22C007A9F88 /* SceneDelegate.swift in Sources */,
				EC4E2FF32CCC84F8008CDFC3 /* FilterOption.swift in Sources */,
				EC3AB3632C8A7D1700DEDC44 /* InputTextFieldView.swift in Sources */,
				EC3AB3612C8A75A100DEDC44 /* ColorsExtension.swift in Sources */,
				ECBF82C52D13B2EA009390F2 /* CustomPointAnnotation.swift in Sources */,
			);
			runOnlyForDeploymentPostprocessing = 0;
		};
/* End PBXSourcesBuildPhase section */

/* Begin PBXVariantGroup section */
		EC9E14FA2C87D22D007A9F88 /* LaunchScreen.storyboard */ = {
			isa = PBXVariantGroup;
			children = (
				EC9E14FB2C87D22D007A9F88 /* Base */,
			);
			name = LaunchScreen.storyboard;
			sourceTree = "<group>";
		};
/* End PBXVariantGroup section */

/* Begin XCBuildConfiguration section */
		EC9E14FE2C87D22D007A9F88 /* Debug */ = {
			isa = XCBuildConfiguration;
			buildSettings = {
				ALWAYS_SEARCH_USER_PATHS = NO;
				ASSETCATALOG_COMPILER_GENERATE_SWIFT_ASSET_SYMBOL_EXTENSIONS = YES;
				CLANG_ANALYZER_NONNULL = YES;
				CLANG_ANALYZER_NUMBER_OBJECT_CONVERSION = YES_AGGRESSIVE;
				CLANG_CXX_LANGUAGE_STANDARD = "gnu++20";
				CLANG_ENABLE_MODULES = YES;
				CLANG_ENABLE_OBJC_ARC = YES;
				CLANG_ENABLE_OBJC_WEAK = YES;
				CLANG_WARN_BLOCK_CAPTURE_AUTORELEASING = YES;
				CLANG_WARN_BOOL_CONVERSION = YES;
				CLANG_WARN_COMMA = YES;
				CLANG_WARN_CONSTANT_CONVERSION = YES;
				CLANG_WARN_DEPRECATED_OBJC_IMPLEMENTATIONS = YES;
				CLANG_WARN_DIRECT_OBJC_ISA_USAGE = YES_ERROR;
				CLANG_WARN_DOCUMENTATION_COMMENTS = YES;
				CLANG_WARN_EMPTY_BODY = YES;
				CLANG_WARN_ENUM_CONVERSION = YES;
				CLANG_WARN_INFINITE_RECURSION = YES;
				CLANG_WARN_INT_CONVERSION = YES;
				CLANG_WARN_NON_LITERAL_NULL_CONVERSION = YES;
				CLANG_WARN_OBJC_IMPLICIT_RETAIN_SELF = YES;
				CLANG_WARN_OBJC_LITERAL_CONVERSION = YES;
				CLANG_WARN_OBJC_ROOT_CLASS = YES_ERROR;
				CLANG_WARN_QUOTED_INCLUDE_IN_FRAMEWORK_HEADER = YES;
				CLANG_WARN_RANGE_LOOP_ANALYSIS = YES;
				CLANG_WARN_STRICT_PROTOTYPES = YES;
				CLANG_WARN_SUSPICIOUS_MOVE = YES;
				CLANG_WARN_UNGUARDED_AVAILABILITY = YES_AGGRESSIVE;
				CLANG_WARN_UNREACHABLE_CODE = YES;
				CLANG_WARN__DUPLICATE_METHOD_MATCH = YES;
				COPY_PHASE_STRIP = NO;
				DEBUG_INFORMATION_FORMAT = dwarf;
				ENABLE_STRICT_OBJC_MSGSEND = YES;
				ENABLE_TESTABILITY = YES;
				ENABLE_USER_SCRIPT_SANDBOXING = YES;
				GCC_C_LANGUAGE_STANDARD = gnu17;
				GCC_DYNAMIC_NO_PIC = NO;
				GCC_NO_COMMON_BLOCKS = YES;
				GCC_OPTIMIZATION_LEVEL = 0;
				GCC_PREPROCESSOR_DEFINITIONS = (
					"DEBUG=1",
					"$(inherited)",
				);
				GCC_WARN_64_TO_32_BIT_CONVERSION = YES;
				GCC_WARN_ABOUT_RETURN_TYPE = YES_ERROR;
				GCC_WARN_UNDECLARED_SELECTOR = YES;
				GCC_WARN_UNINITIALIZED_AUTOS = YES_AGGRESSIVE;
				GCC_WARN_UNUSED_FUNCTION = YES;
				GCC_WARN_UNUSED_VARIABLE = YES;
				IPHONEOS_DEPLOYMENT_TARGET = 17.5;
				LOCALIZATION_PREFERS_STRING_CATALOGS = YES;
				MTL_ENABLE_DEBUG_INFO = INCLUDE_SOURCE;
				MTL_FAST_MATH = YES;
				ONLY_ACTIVE_ARCH = YES;
				SDKROOT = iphoneos;
				SWIFT_ACTIVE_COMPILATION_CONDITIONS = "DEBUG $(inherited)";
				SWIFT_OPTIMIZATION_LEVEL = "-Onone";
			};
			name = Debug;
		};
		EC9E14FF2C87D22D007A9F88 /* Release */ = {
			isa = XCBuildConfiguration;
			buildSettings = {
				ALWAYS_SEARCH_USER_PATHS = NO;
				ASSETCATALOG_COMPILER_GENERATE_SWIFT_ASSET_SYMBOL_EXTENSIONS = YES;
				CLANG_ANALYZER_NONNULL = YES;
				CLANG_ANALYZER_NUMBER_OBJECT_CONVERSION = YES_AGGRESSIVE;
				CLANG_CXX_LANGUAGE_STANDARD = "gnu++20";
				CLANG_ENABLE_MODULES = YES;
				CLANG_ENABLE_OBJC_ARC = YES;
				CLANG_ENABLE_OBJC_WEAK = YES;
				CLANG_WARN_BLOCK_CAPTURE_AUTORELEASING = YES;
				CLANG_WARN_BOOL_CONVERSION = YES;
				CLANG_WARN_COMMA = YES;
				CLANG_WARN_CONSTANT_CONVERSION = YES;
				CLANG_WARN_DEPRECATED_OBJC_IMPLEMENTATIONS = YES;
				CLANG_WARN_DIRECT_OBJC_ISA_USAGE = YES_ERROR;
				CLANG_WARN_DOCUMENTATION_COMMENTS = YES;
				CLANG_WARN_EMPTY_BODY = YES;
				CLANG_WARN_ENUM_CONVERSION = YES;
				CLANG_WARN_INFINITE_RECURSION = YES;
				CLANG_WARN_INT_CONVERSION = YES;
				CLANG_WARN_NON_LITERAL_NULL_CONVERSION = YES;
				CLANG_WARN_OBJC_IMPLICIT_RETAIN_SELF = YES;
				CLANG_WARN_OBJC_LITERAL_CONVERSION = YES;
				CLANG_WARN_OBJC_ROOT_CLASS = YES_ERROR;
				CLANG_WARN_QUOTED_INCLUDE_IN_FRAMEWORK_HEADER = YES;
				CLANG_WARN_RANGE_LOOP_ANALYSIS = YES;
				CLANG_WARN_STRICT_PROTOTYPES = YES;
				CLANG_WARN_SUSPICIOUS_MOVE = YES;
				CLANG_WARN_UNGUARDED_AVAILABILITY = YES_AGGRESSIVE;
				CLANG_WARN_UNREACHABLE_CODE = YES;
				CLANG_WARN__DUPLICATE_METHOD_MATCH = YES;
				COPY_PHASE_STRIP = NO;
				DEBUG_INFORMATION_FORMAT = "dwarf-with-dsym";
				ENABLE_NS_ASSERTIONS = NO;
				ENABLE_STRICT_OBJC_MSGSEND = YES;
				ENABLE_USER_SCRIPT_SANDBOXING = YES;
				GCC_C_LANGUAGE_STANDARD = gnu17;
				GCC_NO_COMMON_BLOCKS = YES;
				GCC_WARN_64_TO_32_BIT_CONVERSION = YES;
				GCC_WARN_ABOUT_RETURN_TYPE = YES_ERROR;
				GCC_WARN_UNDECLARED_SELECTOR = YES;
				GCC_WARN_UNINITIALIZED_AUTOS = YES_AGGRESSIVE;
				GCC_WARN_UNUSED_FUNCTION = YES;
				GCC_WARN_UNUSED_VARIABLE = YES;
				IPHONEOS_DEPLOYMENT_TARGET = 17.5;
				LOCALIZATION_PREFERS_STRING_CATALOGS = YES;
				MTL_ENABLE_DEBUG_INFO = NO;
				MTL_FAST_MATH = YES;
				SDKROOT = iphoneos;
				SWIFT_COMPILATION_MODE = wholemodule;
				VALIDATE_PRODUCT = YES;
			};
			name = Release;
		};
		EC9E15012C87D22D007A9F88 /* Debug */ = {
			isa = XCBuildConfiguration;
			baseConfigurationReference = 586348BABD108202A39897A3 /* Pods-NaEsquina.debug.xcconfig */;
			buildSettings = {
				ASSETCATALOG_COMPILER_APPICON_NAME = AppIcon;
				ASSETCATALOG_COMPILER_GLOBAL_ACCENT_COLOR_NAME = AccentColor;
				CODE_SIGN_STYLE = Automatic;
				CURRENT_PROJECT_VERSION = 1;
				DEVELOPMENT_TEAM = HG57HQBN7Q;
				GENERATE_INFOPLIST_FILE = YES;
				INFOPLIST_FILE = NaEsquina/Info.plist;
				INFOPLIST_KEY_UIApplicationSupportsIndirectInputEvents = YES;
				INFOPLIST_KEY_UILaunchStoryboardName = LaunchScreen;
				INFOPLIST_KEY_UISupportedInterfaceOrientations_iPad = "UIInterfaceOrientationPortrait UIInterfaceOrientationPortraitUpsideDown UIInterfaceOrientationLandscapeLeft UIInterfaceOrientationLandscapeRight";
				INFOPLIST_KEY_UISupportedInterfaceOrientations_iPhone = "UIInterfaceOrientationPortrait UIInterfaceOrientationLandscapeLeft UIInterfaceOrientationLandscapeRight";
				LD_RUNPATH_SEARCH_PATHS = (
					"$(inherited)",
					"@executable_path/Frameworks",
				);
				MARKETING_VERSION = 1.0;
				PRODUCT_BUNDLE_IDENTIFIER = gustavoferreira.NaEsquina;
				PRODUCT_NAME = "$(TARGET_NAME)";
				SWIFT_EMIT_LOC_STRINGS = YES;
				SWIFT_VERSION = 5.0;
				TARGETED_DEVICE_FAMILY = "1,2";
			};
			name = Debug;
		};
		EC9E15022C87D22D007A9F88 /* Release */ = {
			isa = XCBuildConfiguration;
			baseConfigurationReference = 788B64BE8DDB594F89DF86D5 /* Pods-NaEsquina.release.xcconfig */;
			buildSettings = {
				ASSETCATALOG_COMPILER_APPICON_NAME = AppIcon;
				ASSETCATALOG_COMPILER_GLOBAL_ACCENT_COLOR_NAME = AccentColor;
				CODE_SIGN_STYLE = Automatic;
				CURRENT_PROJECT_VERSION = 1;
				DEVELOPMENT_TEAM = HG57HQBN7Q;
				GENERATE_INFOPLIST_FILE = YES;
				INFOPLIST_FILE = NaEsquina/Info.plist;
				INFOPLIST_KEY_UIApplicationSupportsIndirectInputEvents = YES;
				INFOPLIST_KEY_UILaunchStoryboardName = LaunchScreen;
				INFOPLIST_KEY_UISupportedInterfaceOrientations_iPad = "UIInterfaceOrientationPortrait UIInterfaceOrientationPortraitUpsideDown UIInterfaceOrientationLandscapeLeft UIInterfaceOrientationLandscapeRight";
				INFOPLIST_KEY_UISupportedInterfaceOrientations_iPhone = "UIInterfaceOrientationPortrait UIInterfaceOrientationLandscapeLeft UIInterfaceOrientationLandscapeRight";
				LD_RUNPATH_SEARCH_PATHS = (
					"$(inherited)",
					"@executable_path/Frameworks",
				);
				MARKETING_VERSION = 1.0;
				PRODUCT_BUNDLE_IDENTIFIER = gustavoferreira.NaEsquina;
				PRODUCT_NAME = "$(TARGET_NAME)";
				SWIFT_EMIT_LOC_STRINGS = YES;
				SWIFT_VERSION = 5.0;
				TARGETED_DEVICE_FAMILY = "1,2";
			};
			name = Release;
		};
/* End XCBuildConfiguration section */

/* Begin XCConfigurationList section */
		EC9E14E72C87D22C007A9F88 /* Build configuration list for PBXProject "NaEsquina" */ = {
			isa = XCConfigurationList;
			buildConfigurations = (
				EC9E14FE2C87D22D007A9F88 /* Debug */,
				EC9E14FF2C87D22D007A9F88 /* Release */,
			);
			defaultConfigurationIsVisible = 0;
			defaultConfigurationName = Release;
		};
		EC9E15002C87D22D007A9F88 /* Build configuration list for PBXNativeTarget "NaEsquina" */ = {
			isa = XCConfigurationList;
			buildConfigurations = (
				EC9E15012C87D22D007A9F88 /* Debug */,
				EC9E15022C87D22D007A9F88 /* Release */,
			);
			defaultConfigurationIsVisible = 0;
			defaultConfigurationName = Release;
		};
/* End XCConfigurationList section */

/* Begin XCRemoteSwiftPackageReference section */
		EC1BCF1D2D01098B00E505AE /* XCRemoteSwiftPackageReference "firebase-ios-sdk" */ = {
			isa = XCRemoteSwiftPackageReference;
			repositoryURL = "https://github.com/firebase/firebase-ios-sdk.git";
			requirement = {
				kind = upToNextMajorVersion;
				minimumVersion = 11.6.0;
			};
		};
		EC1BCF242D010A0C00E505AE /* XCRemoteSwiftPackageReference "SwiftKeychainWrapper" */ = {
			isa = XCRemoteSwiftPackageReference;
			repositoryURL = "https://github.com/jrendel/SwiftKeychainWrapper.git";
			requirement = {
				kind = upToNextMajorVersion;
				minimumVersion = 4.0.1;
			};
		};
		EC1BCF272D010A7100E505AE /* XCRemoteSwiftPackageReference "RxSwift" */ = {
			isa = XCRemoteSwiftPackageReference;
			repositoryURL = "https://github.com/ReactiveX/RxSwift.git";
			requirement = {
				kind = upToNextMajorVersion;
				minimumVersion = 6.8.0;
			};
		};
/* End XCRemoteSwiftPackageReference section */

/* Begin XCSwiftPackageProductDependency section */
		EC1BCF1E2D01098B00E505AE /* FirebaseAuth */ = {
			isa = XCSwiftPackageProductDependency;
			package = EC1BCF1D2D01098B00E505AE /* XCRemoteSwiftPackageReference "firebase-ios-sdk" */;
			productName = FirebaseAuth;
		};
		EC1BCF202D01098B00E505AE /* FirebaseDatabase */ = {
			isa = XCSwiftPackageProductDependency;
			package = EC1BCF1D2D01098B00E505AE /* XCRemoteSwiftPackageReference "firebase-ios-sdk" */;
			productName = FirebaseDatabase;
		};
		EC1BCF222D01098B00E505AE /* FirebaseFirestore */ = {
			isa = XCSwiftPackageProductDependency;
			package = EC1BCF1D2D01098B00E505AE /* XCRemoteSwiftPackageReference "firebase-ios-sdk" */;
			productName = FirebaseFirestore;
		};
		EC1BCF252D010A0C00E505AE /* SwiftKeychainWrapper */ = {
			isa = XCSwiftPackageProductDependency;
			package = EC1BCF242D010A0C00E505AE /* XCRemoteSwiftPackageReference "SwiftKeychainWrapper" */;
			productName = SwiftKeychainWrapper;
		};
		EC1BCF282D010A7100E505AE /* RxSwift */ = {
			isa = XCSwiftPackageProductDependency;
			package = EC1BCF272D010A7100E505AE /* XCRemoteSwiftPackageReference "RxSwift" */;
			productName = RxSwift;
		};
		EC1BCF2A2D010AC200E505AE /* RxCocoa */ = {
			isa = XCSwiftPackageProductDependency;
			package = EC1BCF272D010A7100E505AE /* XCRemoteSwiftPackageReference "RxSwift" */;
			productName = RxCocoa;
		};
		EC1BCF2C2D010AC200E505AE /* RxSwift */ = {
			isa = XCSwiftPackageProductDependency;
			package = EC1BCF272D010A7100E505AE /* XCRemoteSwiftPackageReference "RxSwift" */;
			productName = RxSwift;
		};
		EC36F0852D029B0100480BAD /* FirebaseStorage */ = {
			isa = XCSwiftPackageProductDependency;
			package = EC1BCF1D2D01098B00E505AE /* XCRemoteSwiftPackageReference "firebase-ios-sdk" */;
			productName = FirebaseStorage;
		};
/* End XCSwiftPackageProductDependency section */

/* Begin XCVersionGroup section */
		EC893CA92CD98B6400A94598 /* User_Settings.xcdatamodeld */ = {
			isa = XCVersionGroup;
			children = (
				EC893CAA2CD98B6400A94598 /* User_Settings.xcdatamodel */,
			);
			currentVersion = EC893CAA2CD98B6400A94598 /* User_Settings.xcdatamodel */;
			path = User_Settings.xcdatamodeld;
			sourceTree = "<group>";
			versionGroupType = wrapper.xcdatamodel;
		};
/* End XCVersionGroup section */
	};
	rootObject = EC9E14E42C87D22C007A9F88 /* Project object */;
}
